PODS:
  - PhenixClosedCaptions (0.1.0):
    - PhenixSdk (= 2021.0.0-beta)
  - PhenixSdk (2021.0.0-beta)

DEPENDENCIES:
  - PhenixClosedCaptions (from `../`)
  - PhenixSdk (= 2021.0.0-beta)

SPEC REPOS:
  "git@github.com:PhenixRTS/CocoaPodsSpecs.git":
    - PhenixSdk

EXTERNAL SOURCES:
  PhenixClosedCaptions:
    :path: "../"

SPEC CHECKSUMS:
  PhenixClosedCaptions: 6dd120c849f091c7e42a9d00b71405f5a2f75012
  PhenixSdk: 04a2b6a6bf3316ad9a3cca816809385bb56c80a8

PODFILE CHECKSUM: e13c483eeac75c49c1d99b184358f8371ff857b7

COCOAPODS: 1.10.1
