PODS:
  - PhenixClosedCaptions (0.1.0):
    - PhenixSdk (= 2020.1.61-beta)
  - PhenixSdk (2020.1.61-beta)

DEPENDENCIES:
  - PhenixClosedCaptions (from `../`)

SPEC REPOS:
  "git@github.com:PhenixRTS/CocoaPodsSpecs.git":
    - PhenixSdk

EXTERNAL SOURCES:
  PhenixClosedCaptions:
    :path: "../"

SPEC CHECKSUMS:
  PhenixClosedCaptions: da47e2263d0e0630c6622c8cc94258195876e5c7
  PhenixSdk: de0440cf5d323eb997d79e39085da48cff023a75

PODFILE CHECKSUM: 2d675e97de866567d59ae0e0c9dfd95d07771cb6

COCOAPODS: 1.9.3
