// !$*UTF8*$!
{
	archiveVersion = 1;
	classes = {
	};
	objectVersion = 55;
	objects = {

/* Begin PBXBuildFile section */
		481B771A286B0E6700762CB4 /* PhenixStreamURI.swift in Sources */ = {isa = PBXBuildFile; fileRef = 481B7719286B0E6700762CB4 /* PhenixStreamURI.swift */; };
		487693B4285B58AC0057DA55 /* PhenixMemberSubscriptionControllerDelegate.swift in Sources */ = {isa = PBXBuildFile; fileRef = 487693B3285B58AC0057DA55 /* PhenixMemberSubscriptionControllerDelegate.swift */; };
		487693BB285B58DE0057DA55 /* MemberSubscription.swift in Sources */ = {isa = PBXBuildFile; fileRef = 487693B6285B58DE0057DA55 /* MemberSubscription.swift */; };
		487693BC285B58DE0057DA55 /* MemberNextStreamProvider.swift in Sources */ = {isa = PBXBuildFile; fileRef = 487693B7285B58DE0057DA55 /* MemberNextStreamProvider.swift */; };
		487693BD285B58DE0057DA55 /* MemberSubscriptionServiceDelegate.swift in Sources */ = {isa = PBXBuildFile; fileRef = 487693B8285B58DE0057DA55 /* MemberSubscriptionServiceDelegate.swift */; };
		487693BE285B58DE0057DA55 /* MemberSubscriber.swift in Sources */ = {isa = PBXBuildFile; fileRef = 487693B9285B58DE0057DA55 /* MemberSubscriber.swift */; };
		487693BF285B58DE0057DA55 /* MemberSubscriptionService.swift in Sources */ = {isa = PBXBuildFile; fileRef = 487693BA285B58DE0057DA55 /* MemberSubscriptionService.swift */; };
		487693C1285B597F0057DA55 /* PhenixObservablePublisher.swift in Sources */ = {isa = PBXBuildFile; fileRef = 487693C0285B597F0057DA55 /* PhenixObservablePublisher.swift */; };
		487693C3285B59840057DA55 /* StreamToken.swift in Sources */ = {isa = PBXBuildFile; fileRef = 487693C2285B59840057DA55 /* StreamToken.swift */; };
		487693C7285B59970057DA55 /* Watchdog.swift in Sources */ = {isa = PBXBuildFile; fileRef = 487693C6285B59970057DA55 /* Watchdog.swift */; };
		487693C9285B59B30057DA55 /* PhenixDataQualityStatusLocalized.swift in Sources */ = {isa = PBXBuildFile; fileRef = 487693C8285B59B30057DA55 /* PhenixDataQualityStatusLocalized.swift */; };
		487693CB285B59B90057DA55 /* PhenixMemberPublishers.swift in Sources */ = {isa = PBXBuildFile; fileRef = 487693CA285B59B90057DA55 /* PhenixMemberPublishers.swift */; };
		487693CD285B59CA0057DA55 /* PhenixStreamDescription.swift in Sources */ = {isa = PBXBuildFile; fileRef = 487693CC285B59CA0057DA55 /* PhenixStreamDescription.swift */; };
		487693CF285B59D00057DA55 /* PhenixStreamEndedReasonLocalized.swift in Sources */ = {isa = PBXBuildFile; fileRef = 487693CE285B59D00057DA55 /* PhenixStreamEndedReasonLocalized.swift */; };
		488629A0283FA15600DA293D /* PhenixChannelError.swift in Sources */ = {isa = PBXBuildFile; fileRef = 4886299F283FA15600DA293D /* PhenixChannelError.swift */; };
		488629A2283FA17600DA293D /* PhenixMediaError.swift in Sources */ = {isa = PBXBuildFile; fileRef = 488629A1283FA17600DA293D /* PhenixMediaError.swift */; };
		488629A4283FA1E600DA293D /* PhenixRoomError.swift in Sources */ = {isa = PBXBuildFile; fileRef = 488629A3283FA1E600DA293D /* PhenixRoomError.swift */; };
		488629A6283FA1FD00DA293D /* PhenixStreamError.swift in Sources */ = {isa = PBXBuildFile; fileRef = 488629A5283FA1FD00DA293D /* PhenixStreamError.swift */; };
		488629A9283FA21100DA293D /* PhenixTimeShiftError.swift in Sources */ = {isa = PBXBuildFile; fileRef = 488629A7283FA21100DA293D /* PhenixTimeShiftError.swift */; };
		488629AA283FA21100DA293D /* PhenixTimeShiftEvent.swift in Sources */ = {isa = PBXBuildFile; fileRef = 488629A8283FA21100DA293D /* PhenixTimeShiftEvent.swift */; };
		489D6EC9283E6CD800692537 /* AspectRatio.swift in Sources */ = {isa = PBXBuildFile; fileRef = 489D6EBC283E6CD800692537 /* AspectRatio.swift */; };
		489D6ECA283E6CD800692537 /* Disposable.swift in Sources */ = {isa = PBXBuildFile; fileRef = 489D6EBD283E6CD800692537 /* Disposable.swift */; };
		489D6ECB283E6CD800692537 /* CVPixelBuffer.swift in Sources */ = {isa = PBXBuildFile; fileRef = 489D6EBF283E6CD800692537 /* CVPixelBuffer.swift */; };
		489D6ECC283E6CD800692537 /* PhenixRequestStatusLocalized.swift in Sources */ = {isa = PBXBuildFile; fileRef = 489D6EC0283E6CD800692537 /* PhenixRequestStatusLocalized.swift */; };
		489D6ECD283E6CD800692537 /* PhenixRendererStartStatusLocalized.swift in Sources */ = {isa = PBXBuildFile; fileRef = 489D6EC1283E6CD800692537 /* PhenixRendererStartStatusLocalized.swift */; };
		489D6ECE283E6CD800692537 /* PhenixMemberStateLocalized.swift in Sources */ = {isa = PBXBuildFile; fileRef = 489D6EC2283E6CD800692537 /* PhenixMemberStateLocalized.swift */; };
		489D6ECF283E6CD800692537 /* CATransaction.swift in Sources */ = {isa = PBXBuildFile; fileRef = 489D6EC3283E6CD800692537 /* CATransaction.swift */; };
		489D6ED0283E6CD800692537 /* OSLog.swift in Sources */ = {isa = PBXBuildFile; fileRef = 489D6EC4283E6CD800692537 /* OSLog.swift */; };
		489D6ED1283E6CD800692537 /* Bundle.swift in Sources */ = {isa = PBXBuildFile; fileRef = 489D6EC5283E6CD800692537 /* Bundle.swift */; };
		489D6ED2283E6CD800692537 /* PhenixMemberRoleLocalized.swift in Sources */ = {isa = PBXBuildFile; fileRef = 489D6EC6283E6CD800692537 /* PhenixMemberRoleLocalized.swift */; };
		489D6ED3283E6CD800692537 /* VideoLayer.swift in Sources */ = {isa = PBXBuildFile; fileRef = 489D6EC7283E6CD800692537 /* VideoLayer.swift */; };
		489D6ED4283E6CD800692537 /* VideoFrameProvider.swift in Sources */ = {isa = PBXBuildFile; fileRef = 489D6EC8283E6CD800692537 /* VideoFrameProvider.swift */; };
		48EB49F72812AF230088FE77 /* PhenixCoreSetup.swift in Sources */ = {isa = PBXBuildFile; fileRef = 48EB49922812AF230088FE77 /* PhenixCoreSetup.swift */; };
		48EB49F82812AF230088FE77 /* PhenixCoreController.swift in Sources */ = {isa = PBXBuildFile; fileRef = 48EB49932812AF230088FE77 /* PhenixCoreController.swift */; };
		48EB49F92812AF230088FE77 /* PhenixCoreConfiguration.swift in Sources */ = {isa = PBXBuildFile; fileRef = 48EB49942812AF230088FE77 /* PhenixCoreConfiguration.swift */; };
		48EB49FA2812AF230088FE77 /* PhenixCoreError.swift in Sources */ = {isa = PBXBuildFile; fileRef = 48EB49952812AF230088FE77 /* PhenixCoreError.swift */; };
		48EB49FB2812AF230088FE77 /* PhenixCoreEvent.swift in Sources */ = {isa = PBXBuildFile; fileRef = 48EB49962812AF230088FE77 /* PhenixCoreEvent.swift */; };
		48EB49FC2812AF230088FE77 /* PhenixMediaEvent.swift in Sources */ = {isa = PBXBuildFile; fileRef = 48EB49982812AF230088FE77 /* PhenixMediaEvent.swift */; };
		48EB49FD2812AF230088FE77 /* PhenixMediaConfiguration.swift in Sources */ = {isa = PBXBuildFile; fileRef = 48EB49992812AF230088FE77 /* PhenixMediaConfiguration.swift */; };
		48EB49FE2812AF230088FE77 /* PhenixMediaController.swift in Sources */ = {isa = PBXBuildFile; fileRef = 48EB499A2812AF230088FE77 /* PhenixMediaController.swift */; };
		48EB49FF2812AF230088FE77 /* PhenixMediaOptions.swift in Sources */ = {isa = PBXBuildFile; fileRef = 48EB499B2812AF230088FE77 /* PhenixMediaOptions.swift */; };
		48EB4A002812AF230088FE77 /* PhenixMediaInterruptionService.swift in Sources */ = {isa = PBXBuildFile; fileRef = 48EB499D2812AF230088FE77 /* PhenixMediaInterruptionService.swift */; };
		48EB4A012812AF230088FE77 /* LocalMediaProvider.swift in Sources */ = {isa = PBXBuildFile; fileRef = 48EB499F2812AF230088FE77 /* LocalMediaProvider.swift */; };
		48EB4A022812AF230088FE77 /* PhenixStream.swift in Sources */ = {isa = PBXBuildFile; fileRef = 48EB49A12812AF230088FE77 /* PhenixStream.swift */; };
		48EB4A032812AF230088FE77 /* PhenixStreamConfiguration.swift in Sources */ = {isa = PBXBuildFile; fileRef = 48EB49A22812AF230088FE77 /* PhenixStreamConfiguration.swift */; };
		48EB4A042812AF230088FE77 /* PhenixStreamState.swift in Sources */ = {isa = PBXBuildFile; fileRef = 48EB49A32812AF230088FE77 /* PhenixStreamState.swift */; };
		48EB4A052812AF230088FE77 /* PhenixStreamController.swift in Sources */ = {isa = PBXBuildFile; fileRef = 48EB49A42812AF230088FE77 /* PhenixStreamController.swift */; };
		48EB4A062812AF230088FE77 /* PhenixStreamEvent.swift in Sources */ = {isa = PBXBuildFile; fileRef = 48EB49A52812AF230088FE77 /* PhenixStreamEvent.swift */; };
		48EB4A072812AF230088FE77 /* PhenixMessageEvent.swift in Sources */ = {isa = PBXBuildFile; fileRef = 48EB49A72812AF230088FE77 /* PhenixMessageEvent.swift */; };
		48EB4A082812AF230088FE77 /* PhenixMessageConfiguration.swift in Sources */ = {isa = PBXBuildFile; fileRef = 48EB49A82812AF230088FE77 /* PhenixMessageConfiguration.swift */; };
		48EB4A092812AF230088FE77 /* PhenixMessageController.swift in Sources */ = {isa = PBXBuildFile; fileRef = 48EB49A92812AF230088FE77 /* PhenixMessageController.swift */; };
		48EB4A0A2812AF230088FE77 /* PhenixMessageServiceContainer.swift in Sources */ = {isa = PBXBuildFile; fileRef = 48EB49AA2812AF230088FE77 /* PhenixMessageServiceContainer.swift */; };
		48EB4A0B2812AF230088FE77 /* PhenixMessageControllerError.swift in Sources */ = {isa = PBXBuildFile; fileRef = 48EB49AB2812AF230088FE77 /* PhenixMessageControllerError.swift */; };
		48EB4A0C2812AF230088FE77 /* PhenixMessage.swift in Sources */ = {isa = PBXBuildFile; fileRef = 48EB49AC2812AF230088FE77 /* PhenixMessage.swift */; };
		48EB4A0D2812AF230088FE77 /* PCastOptionsFactory.swift in Sources */ = {isa = PBXBuildFile; fileRef = 48EB49AE2812AF230088FE77 /* PCastOptionsFactory.swift */; };
		48EB4A0E2812AF230088FE77 /* RoomOptionsFactory.swift in Sources */ = {isa = PBXBuildFile; fileRef = 48EB49AF2812AF230088FE77 /* RoomOptionsFactory.swift */; };
		48EB4A0F2812AF230088FE77 /* StreamOptionsFactory.swift in Sources */ = {isa = PBXBuildFile; fileRef = 48EB49B02812AF230088FE77 /* StreamOptionsFactory.swift */; };
		48EB4A102812AF230088FE77 /* PublishOptionsFactory.swift in Sources */ = {isa = PBXBuildFile; fileRef = 48EB49B12812AF230088FE77 /* PublishOptionsFactory.swift */; };
		48EB4A112812AF230088FE77 /* ChannelOptionsFactory.swift in Sources */ = {isa = PBXBuildFile; fileRef = 48EB49B22812AF230088FE77 /* ChannelOptionsFactory.swift */; };
		48EB4A122812AF230088FE77 /* PhenixRoomEvent.swift in Sources */ = {isa = PBXBuildFile; fileRef = 48EB49B42812AF230088FE77 /* PhenixRoomEvent.swift */; };
		48EB4A132812AF230088FE77 /* PhenixRoomController.swift in Sources */ = {isa = PBXBuildFile; fileRef = 48EB49B52812AF230088FE77 /* PhenixRoomController.swift */; };
		48EB4A142812AF230088FE77 /* PhenixRoom.swift in Sources */ = {isa = PBXBuildFile; fileRef = 48EB49B62812AF230088FE77 /* PhenixRoom.swift */; };
		48EB4A152812AF230088FE77 /* PhenixRoomConfiguration.swift in Sources */ = {isa = PBXBuildFile; fileRef = 48EB49B72812AF230088FE77 /* PhenixRoomConfiguration.swift */; };
		48EB4A162812AF230088FE77 /* MemberSubscriptionInformationProvider.swift in Sources */ = {isa = PBXBuildFile; fileRef = 48EB49B92812AF230088FE77 /* MemberSubscriptionInformationProvider.swift */; };
		48EB4A172812AF230088FE77 /* MemberUpdater.swift in Sources */ = {isa = PBXBuildFile; fileRef = 48EB49BA2812AF230088FE77 /* MemberUpdater.swift */; };
		48EB4A182812AF230088FE77 /* PhenixCoreMessageProvider.swift in Sources */ = {isa = PBXBuildFile; fileRef = 48EB49BC2812AF230088FE77 /* PhenixCoreMessageProvider.swift */; };
		48EB4A192812AF230088FE77 /* PhenixCoreDebuggable.swift in Sources */ = {isa = PBXBuildFile; fileRef = 48EB49BD2812AF230088FE77 /* PhenixCoreDebuggable.swift */; };
		48EB4A1A2812AF230088FE77 /* PhenixCoreChannelProvider.swift in Sources */ = {isa = PBXBuildFile; fileRef = 48EB49BE2812AF230088FE77 /* PhenixCoreChannelProvider.swift */; };
		48EB4A1B2812AF230088FE77 /* PhenixChannelEvent.swift in Sources */ = {isa = PBXBuildFile; fileRef = 48EB49C02812AF230088FE77 /* PhenixChannelEvent.swift */; };
		48EB4A1C2812AF230088FE77 /* PhenixChannelConfiguration.swift in Sources */ = {isa = PBXBuildFile; fileRef = 48EB49C12812AF230088FE77 /* PhenixChannelConfiguration.swift */; };
		48EB4A1D2812AF230088FE77 /* PhenixChannelState.swift in Sources */ = {isa = PBXBuildFile; fileRef = 48EB49C22812AF230088FE77 /* PhenixChannelState.swift */; };
		48EB4A1E2812AF230088FE77 /* PhenixPublishingChannel.swift in Sources */ = {isa = PBXBuildFile; fileRef = 48EB49C32812AF230088FE77 /* PhenixPublishingChannel.swift */; };
		48EB4A1F2812AF230088FE77 /* PhenixChannelController.swift in Sources */ = {isa = PBXBuildFile; fileRef = 48EB49C42812AF230088FE77 /* PhenixChannelController.swift */; };
		48EB4A202812AF230088FE77 /* PhenixChannel.swift in Sources */ = {isa = PBXBuildFile; fileRef = 48EB49C52812AF230088FE77 /* PhenixChannel.swift */; };
		48EB4A2C2812AF230088FE77 /* PhenixMemberSubscriptionController.swift in Sources */ = {isa = PBXBuildFile; fileRef = 48EB49D52812AF230088FE77 /* PhenixMemberSubscriptionController.swift */; };
		48EB4A2D2812AF230088FE77 /* PhenixMemberTransformer.swift in Sources */ = {isa = PBXBuildFile; fileRef = 48EB49D62812AF230088FE77 /* PhenixMemberTransformer.swift */; };
		48EB4A2E2812AF230088FE77 /* PhenixMemberController.swift in Sources */ = {isa = PBXBuildFile; fileRef = 48EB49D72812AF230088FE77 /* PhenixMemberController.swift */; };
		48EB4A2F2812AF230088FE77 /* PhenixMember.swift in Sources */ = {isa = PBXBuildFile; fileRef = 48EB49D82812AF230088FE77 /* PhenixMember.swift */; };
		48EB4A302812AF230088FE77 /* PhenixMemberVolume.swift in Sources */ = {isa = PBXBuildFile; fileRef = 48EB49DA2812AF230088FE77 /* PhenixMemberVolume.swift */; };
		48EB4A312812AF230088FE77 /* PhenixMemberRole.swift in Sources */ = {isa = PBXBuildFile; fileRef = 48EB49DB2812AF230088FE77 /* PhenixMemberRole.swift */; };
		48EB4A322812AF230088FE77 /* PhenixMemberConnectionState.swift in Sources */ = {isa = PBXBuildFile; fileRef = 48EB49DC2812AF230088FE77 /* PhenixMemberConnectionState.swift */; };
		48EB4A332812AF230088FE77 /* PhenixMemberState.swift in Sources */ = {isa = PBXBuildFile; fileRef = 48EB49DD2812AF230088FE77 /* PhenixMemberState.swift */; };
		48EB4A3D2812AF230088FE77 /* MemberStreamVideoStateProvider.swift in Sources */ = {isa = PBXBuildFile; fileRef = 48EB49EB2812AF230088FE77 /* MemberStreamVideoStateProvider.swift */; };
		48EB4A3E2812AF230088FE77 /* MemberStreamAudioStateProvider.swift in Sources */ = {isa = PBXBuildFile; fileRef = 48EB49EC2812AF230088FE77 /* MemberStreamAudioStateProvider.swift */; };
		48EB4A3F2812AF230088FE77 /* MemberStreamAudioVolumeProvider.swift in Sources */ = {isa = PBXBuildFile; fileRef = 48EB49ED2812AF230088FE77 /* MemberStreamAudioVolumeProvider.swift */; };
		48EB4A402812AF230088FE77 /* PhenixMemberMediaController.swift in Sources */ = {isa = PBXBuildFile; fileRef = 48EB49EE2812AF230088FE77 /* PhenixMemberMediaController.swift */; };
		48EB4A412812AF230088FE77 /* PhenixMemberMediaDelegate.swift in Sources */ = {isa = PBXBuildFile; fileRef = 48EB49EF2812AF230088FE77 /* PhenixMemberMediaDelegate.swift */; };
		48EB4A422812AF230088FE77 /* PhenixTimeShifter.swift in Sources */ = {isa = PBXBuildFile; fileRef = 48EB49F12812AF230088FE77 /* PhenixTimeShifter.swift */; };
		48EB4A432812AF230088FE77 /* PhenixTimeShiftState.swift in Sources */ = {isa = PBXBuildFile; fileRef = 48EB49F22812AF230088FE77 /* PhenixTimeShiftState.swift */; };
		48EB4A442812AF230088FE77 /* PhenixTimeShift.swift in Sources */ = {isa = PBXBuildFile; fileRef = 48EB49F32812AF230088FE77 /* PhenixTimeShift.swift */; };
		48EB4A452812AF230088FE77 /* PhenixTimeShiftController.swift in Sources */ = {isa = PBXBuildFile; fileRef = 48EB49F42812AF230088FE77 /* PhenixTimeShiftController.swift */; };
		48EB4A462812AF230088FE77 /* PhenixTimeShiftPointInTime.swift in Sources */ = {isa = PBXBuildFile; fileRef = 48EB49F62812AF230088FE77 /* PhenixTimeShiftPointInTime.swift */; };
		B5A092F927621DFF00D13032 /* PhenixCore.h in Headers */ = {isa = PBXBuildFile; fileRef = B5A092B527621DFF00D13032 /* PhenixCore.h */; };
		B5A0931627621DFF00D13032 /* PhenixCore.swift in Sources */ = {isa = PBXBuildFile; fileRef = B5A092D927621DFF00D13032 /* PhenixCore.swift */; };
/* End PBXBuildFile section */

/* Begin PBXFileReference section */
		481B7719286B0E6700762CB4 /* PhenixStreamURI.swift */ = {isa = PBXFileReference; lastKnownFileType = sourcecode.swift; path = PhenixStreamURI.swift; sourceTree = "<group>"; };
		487693B3285B58AC0057DA55 /* PhenixMemberSubscriptionControllerDelegate.swift */ = {isa = PBXFileReference; fileEncoding = 4; lastKnownFileType = sourcecode.swift; path = PhenixMemberSubscriptionControllerDelegate.swift; sourceTree = "<group>"; };
		487693B6285B58DE0057DA55 /* MemberSubscription.swift */ = {isa = PBXFileReference; fileEncoding = 4; lastKnownFileType = sourcecode.swift; path = MemberSubscription.swift; sourceTree = "<group>"; };
		487693B7285B58DE0057DA55 /* MemberNextStreamProvider.swift */ = {isa = PBXFileReference; fileEncoding = 4; lastKnownFileType = sourcecode.swift; path = MemberNextStreamProvider.swift; sourceTree = "<group>"; };
		487693B8285B58DE0057DA55 /* MemberSubscriptionServiceDelegate.swift */ = {isa = PBXFileReference; fileEncoding = 4; lastKnownFileType = sourcecode.swift; path = MemberSubscriptionServiceDelegate.swift; sourceTree = "<group>"; };
		487693B9285B58DE0057DA55 /* MemberSubscriber.swift */ = {isa = PBXFileReference; fileEncoding = 4; lastKnownFileType = sourcecode.swift; path = MemberSubscriber.swift; sourceTree = "<group>"; };
		487693BA285B58DE0057DA55 /* MemberSubscriptionService.swift */ = {isa = PBXFileReference; fileEncoding = 4; lastKnownFileType = sourcecode.swift; path = MemberSubscriptionService.swift; sourceTree = "<group>"; };
		487693C0285B597F0057DA55 /* PhenixObservablePublisher.swift */ = {isa = PBXFileReference; fileEncoding = 4; lastKnownFileType = sourcecode.swift; path = PhenixObservablePublisher.swift; sourceTree = "<group>"; };
		487693C2285B59840057DA55 /* StreamToken.swift */ = {isa = PBXFileReference; fileEncoding = 4; lastKnownFileType = sourcecode.swift; path = StreamToken.swift; sourceTree = "<group>"; };
		487693C6285B59970057DA55 /* Watchdog.swift */ = {isa = PBXFileReference; fileEncoding = 4; lastKnownFileType = sourcecode.swift; path = Watchdog.swift; sourceTree = "<group>"; };
		487693C8285B59B30057DA55 /* PhenixDataQualityStatusLocalized.swift */ = {isa = PBXFileReference; fileEncoding = 4; lastKnownFileType = sourcecode.swift; path = PhenixDataQualityStatusLocalized.swift; sourceTree = "<group>"; };
		487693CA285B59B90057DA55 /* PhenixMemberPublishers.swift */ = {isa = PBXFileReference; fileEncoding = 4; lastKnownFileType = sourcecode.swift; path = PhenixMemberPublishers.swift; sourceTree = "<group>"; };
		487693CC285B59CA0057DA55 /* PhenixStreamDescription.swift */ = {isa = PBXFileReference; fileEncoding = 4; lastKnownFileType = sourcecode.swift; path = PhenixStreamDescription.swift; sourceTree = "<group>"; };
		487693CE285B59D00057DA55 /* PhenixStreamEndedReasonLocalized.swift */ = {isa = PBXFileReference; fileEncoding = 4; lastKnownFileType = sourcecode.swift; path = PhenixStreamEndedReasonLocalized.swift; sourceTree = "<group>"; };
		4886299F283FA15600DA293D /* PhenixChannelError.swift */ = {isa = PBXFileReference; fileEncoding = 4; lastKnownFileType = sourcecode.swift; path = PhenixChannelError.swift; sourceTree = "<group>"; };
		488629A1283FA17600DA293D /* PhenixMediaError.swift */ = {isa = PBXFileReference; fileEncoding = 4; lastKnownFileType = sourcecode.swift; path = PhenixMediaError.swift; sourceTree = "<group>"; };
		488629A3283FA1E600DA293D /* PhenixRoomError.swift */ = {isa = PBXFileReference; fileEncoding = 4; lastKnownFileType = sourcecode.swift; path = PhenixRoomError.swift; sourceTree = "<group>"; };
		488629A5283FA1FD00DA293D /* PhenixStreamError.swift */ = {isa = PBXFileReference; fileEncoding = 4; lastKnownFileType = sourcecode.swift; path = PhenixStreamError.swift; sourceTree = "<group>"; };
		488629A7283FA21100DA293D /* PhenixTimeShiftError.swift */ = {isa = PBXFileReference; fileEncoding = 4; lastKnownFileType = sourcecode.swift; path = PhenixTimeShiftError.swift; sourceTree = "<group>"; };
		488629A8283FA21100DA293D /* PhenixTimeShiftEvent.swift */ = {isa = PBXFileReference; fileEncoding = 4; lastKnownFileType = sourcecode.swift; path = PhenixTimeShiftEvent.swift; sourceTree = "<group>"; };
		489D6EBC283E6CD800692537 /* AspectRatio.swift */ = {isa = PBXFileReference; fileEncoding = 4; lastKnownFileType = sourcecode.swift; path = AspectRatio.swift; sourceTree = "<group>"; };
		489D6EBD283E6CD800692537 /* Disposable.swift */ = {isa = PBXFileReference; fileEncoding = 4; lastKnownFileType = sourcecode.swift; path = Disposable.swift; sourceTree = "<group>"; };
		489D6EBF283E6CD800692537 /* CVPixelBuffer.swift */ = {isa = PBXFileReference; fileEncoding = 4; lastKnownFileType = sourcecode.swift; path = CVPixelBuffer.swift; sourceTree = "<group>"; };
		489D6EC0283E6CD800692537 /* PhenixRequestStatusLocalized.swift */ = {isa = PBXFileReference; fileEncoding = 4; lastKnownFileType = sourcecode.swift; path = PhenixRequestStatusLocalized.swift; sourceTree = "<group>"; };
		489D6EC1283E6CD800692537 /* PhenixRendererStartStatusLocalized.swift */ = {isa = PBXFileReference; fileEncoding = 4; lastKnownFileType = sourcecode.swift; path = PhenixRendererStartStatusLocalized.swift; sourceTree = "<group>"; };
		489D6EC2283E6CD800692537 /* PhenixMemberStateLocalized.swift */ = {isa = PBXFileReference; fileEncoding = 4; lastKnownFileType = sourcecode.swift; path = PhenixMemberStateLocalized.swift; sourceTree = "<group>"; };
		489D6EC3283E6CD800692537 /* CATransaction.swift */ = {isa = PBXFileReference; fileEncoding = 4; lastKnownFileType = sourcecode.swift; path = CATransaction.swift; sourceTree = "<group>"; };
		489D6EC4283E6CD800692537 /* OSLog.swift */ = {isa = PBXFileReference; fileEncoding = 4; lastKnownFileType = sourcecode.swift; path = OSLog.swift; sourceTree = "<group>"; };
		489D6EC5283E6CD800692537 /* Bundle.swift */ = {isa = PBXFileReference; fileEncoding = 4; lastKnownFileType = sourcecode.swift; path = Bundle.swift; sourceTree = "<group>"; };
		489D6EC6283E6CD800692537 /* PhenixMemberRoleLocalized.swift */ = {isa = PBXFileReference; fileEncoding = 4; lastKnownFileType = sourcecode.swift; path = PhenixMemberRoleLocalized.swift; sourceTree = "<group>"; };
		489D6EC7283E6CD800692537 /* VideoLayer.swift */ = {isa = PBXFileReference; fileEncoding = 4; lastKnownFileType = sourcecode.swift; path = VideoLayer.swift; sourceTree = "<group>"; };
		489D6EC8283E6CD800692537 /* VideoFrameProvider.swift */ = {isa = PBXFileReference; fileEncoding = 4; lastKnownFileType = sourcecode.swift; path = VideoFrameProvider.swift; sourceTree = "<group>"; };
		48EB49922812AF230088FE77 /* PhenixCoreSetup.swift */ = {isa = PBXFileReference; fileEncoding = 4; lastKnownFileType = sourcecode.swift; path = PhenixCoreSetup.swift; sourceTree = "<group>"; };
		48EB49932812AF230088FE77 /* PhenixCoreController.swift */ = {isa = PBXFileReference; fileEncoding = 4; lastKnownFileType = sourcecode.swift; path = PhenixCoreController.swift; sourceTree = "<group>"; };
		48EB49942812AF230088FE77 /* PhenixCoreConfiguration.swift */ = {isa = PBXFileReference; fileEncoding = 4; lastKnownFileType = sourcecode.swift; path = PhenixCoreConfiguration.swift; sourceTree = "<group>"; };
		48EB49952812AF230088FE77 /* PhenixCoreError.swift */ = {isa = PBXFileReference; fileEncoding = 4; lastKnownFileType = sourcecode.swift; path = PhenixCoreError.swift; sourceTree = "<group>"; };
		48EB49962812AF230088FE77 /* PhenixCoreEvent.swift */ = {isa = PBXFileReference; fileEncoding = 4; lastKnownFileType = sourcecode.swift; path = PhenixCoreEvent.swift; sourceTree = "<group>"; };
		48EB49982812AF230088FE77 /* PhenixMediaEvent.swift */ = {isa = PBXFileReference; fileEncoding = 4; lastKnownFileType = sourcecode.swift; path = PhenixMediaEvent.swift; sourceTree = "<group>"; };
		48EB49992812AF230088FE77 /* PhenixMediaConfiguration.swift */ = {isa = PBXFileReference; fileEncoding = 4; lastKnownFileType = sourcecode.swift; path = PhenixMediaConfiguration.swift; sourceTree = "<group>"; };
		48EB499A2812AF230088FE77 /* PhenixMediaController.swift */ = {isa = PBXFileReference; fileEncoding = 4; lastKnownFileType = sourcecode.swift; path = PhenixMediaController.swift; sourceTree = "<group>"; };
		48EB499B2812AF230088FE77 /* PhenixMediaOptions.swift */ = {isa = PBXFileReference; fileEncoding = 4; lastKnownFileType = sourcecode.swift; path = PhenixMediaOptions.swift; sourceTree = "<group>"; };
		48EB499D2812AF230088FE77 /* PhenixMediaInterruptionService.swift */ = {isa = PBXFileReference; fileEncoding = 4; lastKnownFileType = sourcecode.swift; path = PhenixMediaInterruptionService.swift; sourceTree = "<group>"; };
		48EB499F2812AF230088FE77 /* LocalMediaProvider.swift */ = {isa = PBXFileReference; fileEncoding = 4; lastKnownFileType = sourcecode.swift; path = LocalMediaProvider.swift; sourceTree = "<group>"; };
		48EB49A12812AF230088FE77 /* PhenixStream.swift */ = {isa = PBXFileReference; fileEncoding = 4; lastKnownFileType = sourcecode.swift; path = PhenixStream.swift; sourceTree = "<group>"; };
		48EB49A22812AF230088FE77 /* PhenixStreamConfiguration.swift */ = {isa = PBXFileReference; fileEncoding = 4; lastKnownFileType = sourcecode.swift; path = PhenixStreamConfiguration.swift; sourceTree = "<group>"; };
		48EB49A32812AF230088FE77 /* PhenixStreamState.swift */ = {isa = PBXFileReference; fileEncoding = 4; lastKnownFileType = sourcecode.swift; path = PhenixStreamState.swift; sourceTree = "<group>"; };
		48EB49A42812AF230088FE77 /* PhenixStreamController.swift */ = {isa = PBXFileReference; fileEncoding = 4; lastKnownFileType = sourcecode.swift; path = PhenixStreamController.swift; sourceTree = "<group>"; };
		48EB49A52812AF230088FE77 /* PhenixStreamEvent.swift */ = {isa = PBXFileReference; fileEncoding = 4; lastKnownFileType = sourcecode.swift; path = PhenixStreamEvent.swift; sourceTree = "<group>"; };
		48EB49A72812AF230088FE77 /* PhenixMessageEvent.swift */ = {isa = PBXFileReference; fileEncoding = 4; lastKnownFileType = sourcecode.swift; path = PhenixMessageEvent.swift; sourceTree = "<group>"; };
		48EB49A82812AF230088FE77 /* PhenixMessageConfiguration.swift */ = {isa = PBXFileReference; fileEncoding = 4; lastKnownFileType = sourcecode.swift; path = PhenixMessageConfiguration.swift; sourceTree = "<group>"; };
		48EB49A92812AF230088FE77 /* PhenixMessageController.swift */ = {isa = PBXFileReference; fileEncoding = 4; lastKnownFileType = sourcecode.swift; path = PhenixMessageController.swift; sourceTree = "<group>"; };
		48EB49AA2812AF230088FE77 /* PhenixMessageServiceContainer.swift */ = {isa = PBXFileReference; fileEncoding = 4; lastKnownFileType = sourcecode.swift; path = PhenixMessageServiceContainer.swift; sourceTree = "<group>"; };
		48EB49AB2812AF230088FE77 /* PhenixMessageControllerError.swift */ = {isa = PBXFileReference; fileEncoding = 4; lastKnownFileType = sourcecode.swift; path = PhenixMessageControllerError.swift; sourceTree = "<group>"; };
		48EB49AC2812AF230088FE77 /* PhenixMessage.swift */ = {isa = PBXFileReference; fileEncoding = 4; lastKnownFileType = sourcecode.swift; path = PhenixMessage.swift; sourceTree = "<group>"; };
		48EB49AE2812AF230088FE77 /* PCastOptionsFactory.swift */ = {isa = PBXFileReference; fileEncoding = 4; lastKnownFileType = sourcecode.swift; path = PCastOptionsFactory.swift; sourceTree = "<group>"; };
		48EB49AF2812AF230088FE77 /* RoomOptionsFactory.swift */ = {isa = PBXFileReference; fileEncoding = 4; lastKnownFileType = sourcecode.swift; path = RoomOptionsFactory.swift; sourceTree = "<group>"; };
		48EB49B02812AF230088FE77 /* StreamOptionsFactory.swift */ = {isa = PBXFileReference; fileEncoding = 4; lastKnownFileType = sourcecode.swift; path = StreamOptionsFactory.swift; sourceTree = "<group>"; };
		48EB49B12812AF230088FE77 /* PublishOptionsFactory.swift */ = {isa = PBXFileReference; fileEncoding = 4; lastKnownFileType = sourcecode.swift; path = PublishOptionsFactory.swift; sourceTree = "<group>"; };
		48EB49B22812AF230088FE77 /* ChannelOptionsFactory.swift */ = {isa = PBXFileReference; fileEncoding = 4; lastKnownFileType = sourcecode.swift; path = ChannelOptionsFactory.swift; sourceTree = "<group>"; };
		48EB49B42812AF230088FE77 /* PhenixRoomEvent.swift */ = {isa = PBXFileReference; fileEncoding = 4; lastKnownFileType = sourcecode.swift; path = PhenixRoomEvent.swift; sourceTree = "<group>"; };
		48EB49B52812AF230088FE77 /* PhenixRoomController.swift */ = {isa = PBXFileReference; fileEncoding = 4; lastKnownFileType = sourcecode.swift; path = PhenixRoomController.swift; sourceTree = "<group>"; };
		48EB49B62812AF230088FE77 /* PhenixRoom.swift */ = {isa = PBXFileReference; fileEncoding = 4; lastKnownFileType = sourcecode.swift; path = PhenixRoom.swift; sourceTree = "<group>"; };
		48EB49B72812AF230088FE77 /* PhenixRoomConfiguration.swift */ = {isa = PBXFileReference; fileEncoding = 4; lastKnownFileType = sourcecode.swift; path = PhenixRoomConfiguration.swift; sourceTree = "<group>"; };
		48EB49B92812AF230088FE77 /* MemberSubscriptionInformationProvider.swift */ = {isa = PBXFileReference; fileEncoding = 4; lastKnownFileType = sourcecode.swift; path = MemberSubscriptionInformationProvider.swift; sourceTree = "<group>"; };
		48EB49BA2812AF230088FE77 /* MemberUpdater.swift */ = {isa = PBXFileReference; fileEncoding = 4; lastKnownFileType = sourcecode.swift; path = MemberUpdater.swift; sourceTree = "<group>"; };
		48EB49BC2812AF230088FE77 /* PhenixCoreMessageProvider.swift */ = {isa = PBXFileReference; fileEncoding = 4; lastKnownFileType = sourcecode.swift; path = PhenixCoreMessageProvider.swift; sourceTree = "<group>"; };
		48EB49BD2812AF230088FE77 /* PhenixCoreDebuggable.swift */ = {isa = PBXFileReference; fileEncoding = 4; lastKnownFileType = sourcecode.swift; path = PhenixCoreDebuggable.swift; sourceTree = "<group>"; };
		48EB49BE2812AF230088FE77 /* PhenixCoreChannelProvider.swift */ = {isa = PBXFileReference; fileEncoding = 4; lastKnownFileType = sourcecode.swift; path = PhenixCoreChannelProvider.swift; sourceTree = "<group>"; };
		48EB49C02812AF230088FE77 /* PhenixChannelEvent.swift */ = {isa = PBXFileReference; fileEncoding = 4; lastKnownFileType = sourcecode.swift; path = PhenixChannelEvent.swift; sourceTree = "<group>"; };
		48EB49C12812AF230088FE77 /* PhenixChannelConfiguration.swift */ = {isa = PBXFileReference; fileEncoding = 4; lastKnownFileType = sourcecode.swift; path = PhenixChannelConfiguration.swift; sourceTree = "<group>"; };
		48EB49C22812AF230088FE77 /* PhenixChannelState.swift */ = {isa = PBXFileReference; fileEncoding = 4; lastKnownFileType = sourcecode.swift; path = PhenixChannelState.swift; sourceTree = "<group>"; };
		48EB49C32812AF230088FE77 /* PhenixPublishingChannel.swift */ = {isa = PBXFileReference; fileEncoding = 4; lastKnownFileType = sourcecode.swift; path = PhenixPublishingChannel.swift; sourceTree = "<group>"; };
		48EB49C42812AF230088FE77 /* PhenixChannelController.swift */ = {isa = PBXFileReference; fileEncoding = 4; lastKnownFileType = sourcecode.swift; path = PhenixChannelController.swift; sourceTree = "<group>"; };
		48EB49C52812AF230088FE77 /* PhenixChannel.swift */ = {isa = PBXFileReference; fileEncoding = 4; lastKnownFileType = sourcecode.swift; path = PhenixChannel.swift; sourceTree = "<group>"; };
		48EB49D52812AF230088FE77 /* PhenixMemberSubscriptionController.swift */ = {isa = PBXFileReference; fileEncoding = 4; lastKnownFileType = sourcecode.swift; path = PhenixMemberSubscriptionController.swift; sourceTree = "<group>"; };
		48EB49D62812AF230088FE77 /* PhenixMemberTransformer.swift */ = {isa = PBXFileReference; fileEncoding = 4; lastKnownFileType = sourcecode.swift; path = PhenixMemberTransformer.swift; sourceTree = "<group>"; };
		48EB49D72812AF230088FE77 /* PhenixMemberController.swift */ = {isa = PBXFileReference; fileEncoding = 4; lastKnownFileType = sourcecode.swift; path = PhenixMemberController.swift; sourceTree = "<group>"; };
		48EB49D82812AF230088FE77 /* PhenixMember.swift */ = {isa = PBXFileReference; fileEncoding = 4; lastKnownFileType = sourcecode.swift; path = PhenixMember.swift; sourceTree = "<group>"; };
		48EB49DA2812AF230088FE77 /* PhenixMemberVolume.swift */ = {isa = PBXFileReference; fileEncoding = 4; lastKnownFileType = sourcecode.swift; path = PhenixMemberVolume.swift; sourceTree = "<group>"; };
		48EB49DB2812AF230088FE77 /* PhenixMemberRole.swift */ = {isa = PBXFileReference; fileEncoding = 4; lastKnownFileType = sourcecode.swift; path = PhenixMemberRole.swift; sourceTree = "<group>"; };
		48EB49DC2812AF230088FE77 /* PhenixMemberConnectionState.swift */ = {isa = PBXFileReference; fileEncoding = 4; lastKnownFileType = sourcecode.swift; path = PhenixMemberConnectionState.swift; sourceTree = "<group>"; };
		48EB49DD2812AF230088FE77 /* PhenixMemberState.swift */ = {isa = PBXFileReference; fileEncoding = 4; lastKnownFileType = sourcecode.swift; path = PhenixMemberState.swift; sourceTree = "<group>"; };
		48EB49EB2812AF230088FE77 /* MemberStreamVideoStateProvider.swift */ = {isa = PBXFileReference; fileEncoding = 4; lastKnownFileType = sourcecode.swift; path = MemberStreamVideoStateProvider.swift; sourceTree = "<group>"; };
		48EB49EC2812AF230088FE77 /* MemberStreamAudioStateProvider.swift */ = {isa = PBXFileReference; fileEncoding = 4; lastKnownFileType = sourcecode.swift; path = MemberStreamAudioStateProvider.swift; sourceTree = "<group>"; };
		48EB49ED2812AF230088FE77 /* MemberStreamAudioVolumeProvider.swift */ = {isa = PBXFileReference; fileEncoding = 4; lastKnownFileType = sourcecode.swift; path = MemberStreamAudioVolumeProvider.swift; sourceTree = "<group>"; };
		48EB49EE2812AF230088FE77 /* PhenixMemberMediaController.swift */ = {isa = PBXFileReference; fileEncoding = 4; lastKnownFileType = sourcecode.swift; path = PhenixMemberMediaController.swift; sourceTree = "<group>"; };
		48EB49EF2812AF230088FE77 /* PhenixMemberMediaDelegate.swift */ = {isa = PBXFileReference; fileEncoding = 4; lastKnownFileType = sourcecode.swift; path = PhenixMemberMediaDelegate.swift; sourceTree = "<group>"; };
		48EB49F12812AF230088FE77 /* PhenixTimeShifter.swift */ = {isa = PBXFileReference; fileEncoding = 4; lastKnownFileType = sourcecode.swift; path = PhenixTimeShifter.swift; sourceTree = "<group>"; };
		48EB49F22812AF230088FE77 /* PhenixTimeShiftState.swift */ = {isa = PBXFileReference; fileEncoding = 4; lastKnownFileType = sourcecode.swift; path = PhenixTimeShiftState.swift; sourceTree = "<group>"; };
		48EB49F32812AF230088FE77 /* PhenixTimeShift.swift */ = {isa = PBXFileReference; fileEncoding = 4; lastKnownFileType = sourcecode.swift; path = PhenixTimeShift.swift; sourceTree = "<group>"; };
		48EB49F42812AF230088FE77 /* PhenixTimeShiftController.swift */ = {isa = PBXFileReference; fileEncoding = 4; lastKnownFileType = sourcecode.swift; path = PhenixTimeShiftController.swift; sourceTree = "<group>"; };
		48EB49F62812AF230088FE77 /* PhenixTimeShiftPointInTime.swift */ = {isa = PBXFileReference; fileEncoding = 4; lastKnownFileType = sourcecode.swift; path = PhenixTimeShiftPointInTime.swift; sourceTree = "<group>"; };
		B5A091DC2762018900D13032 /* PhenixCore.framework */ = {isa = PBXFileReference; explicitFileType = wrapper.framework; includeInIndex = 0; path = PhenixCore.framework; sourceTree = BUILT_PRODUCTS_DIR; };
		B5A092B527621DFF00D13032 /* PhenixCore.h */ = {isa = PBXFileReference; fileEncoding = 4; lastKnownFileType = sourcecode.c.h; path = PhenixCore.h; sourceTree = "<group>"; };
		B5A092D927621DFF00D13032 /* PhenixCore.swift */ = {isa = PBXFileReference; fileEncoding = 4; lastKnownFileType = sourcecode.swift; path = PhenixCore.swift; sourceTree = "<group>"; };
/* End PBXFileReference section */

/* Begin PBXFrameworksBuildPhase section */
		B5A091D92762018900D13032 /* Frameworks */ = {
			isa = PBXFrameworksBuildPhase;
			buildActionMask = 2147483647;
			files = (
			);
			runOnlyForDeploymentPostprocessing = 0;
		};
/* End PBXFrameworksBuildPhase section */

/* Begin PBXGroup section */
		487693B5285B58DE0057DA55 /* Subscriptions */ = {
			isa = PBXGroup;
			children = (
				487693B6285B58DE0057DA55 /* MemberSubscription.swift */,
				487693B7285B58DE0057DA55 /* MemberNextStreamProvider.swift */,
				487693B8285B58DE0057DA55 /* MemberSubscriptionServiceDelegate.swift */,
				487693B9285B58DE0057DA55 /* MemberSubscriber.swift */,
				487693BA285B58DE0057DA55 /* MemberSubscriptionService.swift */,
			);
			path = Subscriptions;
			sourceTree = "<group>";
		};
		489D6EBB283E6CD800692537 /* Utilities */ = {
			isa = PBXGroup;
			children = (
				489D6EBC283E6CD800692537 /* AspectRatio.swift */,
				489D6EBD283E6CD800692537 /* Disposable.swift */,
				487693C0285B597F0057DA55 /* PhenixObservablePublisher.swift */,
				487693C2285B59840057DA55 /* StreamToken.swift */,
				489D6EC8283E6CD800692537 /* VideoFrameProvider.swift */,
				489D6EC7283E6CD800692537 /* VideoLayer.swift */,
				487693C6285B59970057DA55 /* Watchdog.swift */,
				489D6EBE283E6CD800692537 /* Extensions */,
			);
			path = Utilities;
			sourceTree = "<group>";
		};
		489D6EBE283E6CD800692537 /* Extensions */ = {
			isa = PBXGroup;
			children = (
				489D6EC5283E6CD800692537 /* Bundle.swift */,
				489D6EC3283E6CD800692537 /* CATransaction.swift */,
				489D6EBF283E6CD800692537 /* CVPixelBuffer.swift */,
				489D6EC4283E6CD800692537 /* OSLog.swift */,
				487693C8285B59B30057DA55 /* PhenixDataQualityStatusLocalized.swift */,
				487693CA285B59B90057DA55 /* PhenixMemberPublishers.swift */,
				489D6EC6283E6CD800692537 /* PhenixMemberRoleLocalized.swift */,
				489D6EC2283E6CD800692537 /* PhenixMemberStateLocalized.swift */,
				489D6EC1283E6CD800692537 /* PhenixRendererStartStatusLocalized.swift */,
				489D6EC0283E6CD800692537 /* PhenixRequestStatusLocalized.swift */,
				487693CC285B59CA0057DA55 /* PhenixStreamDescription.swift */,
				487693CE285B59D00057DA55 /* PhenixStreamEndedReasonLocalized.swift */,
				481B7719286B0E6700762CB4 /* PhenixStreamURI.swift */,
			);
			path = Extensions;
			sourceTree = "<group>";
		};
		48EB49912812AF230088FE77 /* Core */ = {
			isa = PBXGroup;
			children = (
				48EB49942812AF230088FE77 /* PhenixCoreConfiguration.swift */,
				48EB49932812AF230088FE77 /* PhenixCoreController.swift */,
				48EB49952812AF230088FE77 /* PhenixCoreError.swift */,
				48EB49962812AF230088FE77 /* PhenixCoreEvent.swift */,
				48EB49922812AF230088FE77 /* PhenixCoreSetup.swift */,
			);
			path = Core;
			sourceTree = "<group>";
		};
		48EB49972812AF230088FE77 /* Media */ = {
			isa = PBXGroup;
			children = (
				48EB49992812AF230088FE77 /* PhenixMediaConfiguration.swift */,
				48EB499A2812AF230088FE77 /* PhenixMediaController.swift */,
				488629A1283FA17600DA293D /* PhenixMediaError.swift */,
				48EB49982812AF230088FE77 /* PhenixMediaEvent.swift */,
				48EB499B2812AF230088FE77 /* PhenixMediaOptions.swift */,
				48EB499E2812AF230088FE77 /* Protocols */,
				48EB499C2812AF230088FE77 /* Service */,
			);
			path = Media;
			sourceTree = "<group>";
		};
		48EB499C2812AF230088FE77 /* Service */ = {
			isa = PBXGroup;
			children = (
				48EB499D2812AF230088FE77 /* PhenixMediaInterruptionService.swift */,
			);
			path = Service;
			sourceTree = "<group>";
		};
		48EB499E2812AF230088FE77 /* Protocols */ = {
			isa = PBXGroup;
			children = (
				48EB499F2812AF230088FE77 /* LocalMediaProvider.swift */,
			);
			path = Protocols;
			sourceTree = "<group>";
		};
		48EB49A02812AF230088FE77 /* Stream */ = {
			isa = PBXGroup;
			children = (
				48EB49A12812AF230088FE77 /* PhenixStream.swift */,
				48EB49A22812AF230088FE77 /* PhenixStreamConfiguration.swift */,
				48EB49A42812AF230088FE77 /* PhenixStreamController.swift */,
				488629A5283FA1FD00DA293D /* PhenixStreamError.swift */,
				48EB49A52812AF230088FE77 /* PhenixStreamEvent.swift */,
				48EB49A32812AF230088FE77 /* PhenixStreamState.swift */,
			);
			path = Stream;
			sourceTree = "<group>";
		};
		48EB49A62812AF230088FE77 /* Message */ = {
			isa = PBXGroup;
			children = (
				48EB49AC2812AF230088FE77 /* PhenixMessage.swift */,
				48EB49A82812AF230088FE77 /* PhenixMessageConfiguration.swift */,
				48EB49A92812AF230088FE77 /* PhenixMessageController.swift */,
				48EB49AB2812AF230088FE77 /* PhenixMessageControllerError.swift */,
				48EB49A72812AF230088FE77 /* PhenixMessageEvent.swift */,
				48EB49AA2812AF230088FE77 /* PhenixMessageServiceContainer.swift */,
			);
			path = Message;
			sourceTree = "<group>";
		};
		48EB49AD2812AF230088FE77 /* OptionFactories */ = {
			isa = PBXGroup;
			children = (
				48EB49B22812AF230088FE77 /* ChannelOptionsFactory.swift */,
				48EB49AE2812AF230088FE77 /* PCastOptionsFactory.swift */,
				48EB49B12812AF230088FE77 /* PublishOptionsFactory.swift */,
				48EB49AF2812AF230088FE77 /* RoomOptionsFactory.swift */,
				48EB49B02812AF230088FE77 /* StreamOptionsFactory.swift */,
			);
			path = OptionFactories;
			sourceTree = "<group>";
		};
		48EB49B32812AF230088FE77 /* Room */ = {
			isa = PBXGroup;
			children = (
				48EB49B62812AF230088FE77 /* PhenixRoom.swift */,
				48EB49B72812AF230088FE77 /* PhenixRoomConfiguration.swift */,
				48EB49B52812AF230088FE77 /* PhenixRoomController.swift */,
				488629A3283FA1E600DA293D /* PhenixRoomError.swift */,
				48EB49B42812AF230088FE77 /* PhenixRoomEvent.swift */,
				48EB49B82812AF230088FE77 /* Protocols */,
			);
			path = Room;
			sourceTree = "<group>";
		};
		48EB49B82812AF230088FE77 /* Protocols */ = {
			isa = PBXGroup;
			children = (
				48EB49B92812AF230088FE77 /* MemberSubscriptionInformationProvider.swift */,
				48EB49BA2812AF230088FE77 /* MemberUpdater.swift */,
			);
			path = Protocols;
			sourceTree = "<group>";
		};
		48EB49BB2812AF230088FE77 /* Protocols */ = {
			isa = PBXGroup;
			children = (
				48EB49BE2812AF230088FE77 /* PhenixCoreChannelProvider.swift */,
				48EB49BD2812AF230088FE77 /* PhenixCoreDebuggable.swift */,
				48EB49BC2812AF230088FE77 /* PhenixCoreMessageProvider.swift */,
			);
			path = Protocols;
			sourceTree = "<group>";
		};
		48EB49BF2812AF230088FE77 /* Channel */ = {
			isa = PBXGroup;
			children = (
				48EB49C52812AF230088FE77 /* PhenixChannel.swift */,
				48EB49C12812AF230088FE77 /* PhenixChannelConfiguration.swift */,
				48EB49C42812AF230088FE77 /* PhenixChannelController.swift */,
				4886299F283FA15600DA293D /* PhenixChannelError.swift */,
				48EB49C02812AF230088FE77 /* PhenixChannelEvent.swift */,
				48EB49C22812AF230088FE77 /* PhenixChannelState.swift */,
				48EB49C32812AF230088FE77 /* PhenixPublishingChannel.swift */,
			);
			path = Channel;
			sourceTree = "<group>";
		};
		48EB49D42812AF230088FE77 /* Member */ = {
			isa = PBXGroup;
			children = (
				48EB49D82812AF230088FE77 /* PhenixMember.swift */,
				48EB49D72812AF230088FE77 /* PhenixMemberController.swift */,
				48EB49D52812AF230088FE77 /* PhenixMemberSubscriptionController.swift */,
				487693B3285B58AC0057DA55 /* PhenixMemberSubscriptionControllerDelegate.swift */,
				48EB49D62812AF230088FE77 /* PhenixMemberTransformer.swift */,
				48EB49E92812AF230088FE77 /* Media */,
				48EB49D92812AF230088FE77 /* Models */,
				487693B5285B58DE0057DA55 /* Subscriptions */,
			);
			path = Member;
			sourceTree = "<group>";
		};
		48EB49D92812AF230088FE77 /* Models */ = {
			isa = PBXGroup;
			children = (
				48EB49DC2812AF230088FE77 /* PhenixMemberConnectionState.swift */,
				48EB49DB2812AF230088FE77 /* PhenixMemberRole.swift */,
				48EB49DD2812AF230088FE77 /* PhenixMemberState.swift */,
				48EB49DA2812AF230088FE77 /* PhenixMemberVolume.swift */,
			);
			path = Models;
			sourceTree = "<group>";
		};
		48EB49E92812AF230088FE77 /* Media */ = {
			isa = PBXGroup;
			children = (
				48EB49EE2812AF230088FE77 /* PhenixMemberMediaController.swift */,
				48EB49EF2812AF230088FE77 /* PhenixMemberMediaDelegate.swift */,
				48EB49EA2812AF230088FE77 /* Providers */,
			);
			path = Media;
			sourceTree = "<group>";
		};
		48EB49EA2812AF230088FE77 /* Providers */ = {
			isa = PBXGroup;
			children = (
				48EB49EC2812AF230088FE77 /* MemberStreamAudioStateProvider.swift */,
				48EB49ED2812AF230088FE77 /* MemberStreamAudioVolumeProvider.swift */,
				48EB49EB2812AF230088FE77 /* MemberStreamVideoStateProvider.swift */,
			);
			path = Providers;
			sourceTree = "<group>";
		};
		48EB49F02812AF230088FE77 /* TimeShift */ = {
			isa = PBXGroup;
			children = (
				48EB49F32812AF230088FE77 /* PhenixTimeShift.swift */,
				48EB49F42812AF230088FE77 /* PhenixTimeShiftController.swift */,
				48EB49F12812AF230088FE77 /* PhenixTimeShifter.swift */,
				488629A7283FA21100DA293D /* PhenixTimeShiftError.swift */,
				488629A8283FA21100DA293D /* PhenixTimeShiftEvent.swift */,
				48EB49F62812AF230088FE77 /* PhenixTimeShiftPointInTime.swift */,
				48EB49F22812AF230088FE77 /* PhenixTimeShiftState.swift */,
			);
			path = TimeShift;
			sourceTree = "<group>";
		};
		B5A091D22762018900D13032 = {
			isa = PBXGroup;
			children = (
				B5A091DE2762018900D13032 /* Source */,
				B5A091DD2762018900D13032 /* Products */,
			);
			sourceTree = "<group>";
		};
		B5A091DD2762018900D13032 /* Products */ = {
			isa = PBXGroup;
			children = (
				B5A091DC2762018900D13032 /* PhenixCore.framework */,
			);
			name = Products;
			sourceTree = "<group>";
		};
		B5A091DE2762018900D13032 /* Source */ = {
			isa = PBXGroup;
			children = (
				B5A092B527621DFF00D13032 /* PhenixCore.h */,
				B5A092D927621DFF00D13032 /* PhenixCore.swift */,
				48EB49BF2812AF230088FE77 /* Channel */,
				48EB49912812AF230088FE77 /* Core */,
				48EB49972812AF230088FE77 /* Media */,
				48EB49D42812AF230088FE77 /* Member */,
				48EB49A62812AF230088FE77 /* Message */,
				48EB49AD2812AF230088FE77 /* OptionFactories */,
				48EB49BB2812AF230088FE77 /* Protocols */,
				48EB49B32812AF230088FE77 /* Room */,
				48EB49A02812AF230088FE77 /* Stream */,
				48EB49F02812AF230088FE77 /* TimeShift */,
				489D6EBB283E6CD800692537 /* Utilities */,
			);
			path = Source;
			sourceTree = "<group>";
		};
/* End PBXGroup section */

/* Begin PBXHeadersBuildPhase section */
		B5A091D72762018900D13032 /* Headers */ = {
			isa = PBXHeadersBuildPhase;
			buildActionMask = 2147483647;
			files = (
				B5A092F927621DFF00D13032 /* PhenixCore.h in Headers */,
			);
			runOnlyForDeploymentPostprocessing = 0;
		};
/* End PBXHeadersBuildPhase section */

/* Begin PBXNativeTarget section */
		B5A091DB2762018900D13032 /* PhenixCore */ = {
			isa = PBXNativeTarget;
			buildConfigurationList = B5A091E32762018900D13032 /* Build configuration list for PBXNativeTarget "PhenixCore" */;
			buildPhases = (
				B5A091D72762018900D13032 /* Headers */,
				B5A091D82762018900D13032 /* Sources */,
				B5A091D92762018900D13032 /* Frameworks */,
				B5A091DA2762018900D13032 /* Resources */,
			);
			buildRules = (
			);
			dependencies = (
			);
			name = PhenixCore;
			productName = PhenixCore;
			productReference = B5A091DC2762018900D13032 /* PhenixCore.framework */;
			productType = "com.apple.product-type.framework";
		};
/* End PBXNativeTarget section */

/* Begin PBXProject section */
		B5A091D32762018900D13032 /* Project object */ = {
			isa = PBXProject;
			attributes = {
				BuildIndependentTargetsInParallel = 1;
				LastUpgradeCheck = 1310;
				TargetAttributes = {
					B5A091DB2762018900D13032 = {
						CreatedOnToolsVersion = 13.1;
						LastSwiftMigration = 1310;
					};
				};
			};
			buildConfigurationList = B5A091D62762018900D13032 /* Build configuration list for PBXProject "PhenixCore" */;
			compatibilityVersion = "Xcode 13.0";
			developmentRegion = en;
			hasScannedForEncodings = 0;
			knownRegions = (
				en,
				Base,
			);
			mainGroup = B5A091D22762018900D13032;
			productRefGroup = B5A091DD2762018900D13032 /* Products */;
			projectDirPath = "";
			projectRoot = "";
			targets = (
				B5A091DB2762018900D13032 /* PhenixCore */,
			);
		};
/* End PBXProject section */

/* Begin PBXResourcesBuildPhase section */
		B5A091DA2762018900D13032 /* Resources */ = {
			isa = PBXResourcesBuildPhase;
			buildActionMask = 2147483647;
			files = (
			);
			runOnlyForDeploymentPostprocessing = 0;
		};
/* End PBXResourcesBuildPhase section */

/* Begin PBXSourcesBuildPhase section */
		B5A091D82762018900D13032 /* Sources */ = {
			isa = PBXSourcesBuildPhase;
			buildActionMask = 2147483647;
			files = (
				48EB4A192812AF230088FE77 /* PhenixCoreDebuggable.swift in Sources */,
				489D6ECA283E6CD800692537 /* Disposable.swift in Sources */,
				489D6ECC283E6CD800692537 /* PhenixRequestStatusLocalized.swift in Sources */,
				487693BC285B58DE0057DA55 /* MemberNextStreamProvider.swift in Sources */,
				48EB49FE2812AF230088FE77 /* PhenixMediaController.swift in Sources */,
				481B771A286B0E6700762CB4 /* PhenixStreamURI.swift in Sources */,
				48EB4A0F2812AF230088FE77 /* StreamOptionsFactory.swift in Sources */,
				48EB4A412812AF230088FE77 /* PhenixMemberMediaDelegate.swift in Sources */,
				48EB4A1A2812AF230088FE77 /* PhenixCoreChannelProvider.swift in Sources */,
				488629AA283FA21100DA293D /* PhenixTimeShiftEvent.swift in Sources */,
				48EB49F72812AF230088FE77 /* PhenixCoreSetup.swift in Sources */,
				48EB49F92812AF230088FE77 /* PhenixCoreConfiguration.swift in Sources */,
				48EB4A442812AF230088FE77 /* PhenixTimeShift.swift in Sources */,
				488629A4283FA1E600DA293D /* PhenixRoomError.swift in Sources */,
				48EB4A182812AF230088FE77 /* PhenixCoreMessageProvider.swift in Sources */,
				489D6ECF283E6CD800692537 /* CATransaction.swift in Sources */,
				487693C3285B59840057DA55 /* StreamToken.swift in Sources */,
				48EB4A0D2812AF230088FE77 /* PCastOptionsFactory.swift in Sources */,
				48EB4A082812AF230088FE77 /* PhenixMessageConfiguration.swift in Sources */,
				487693BE285B58DE0057DA55 /* MemberSubscriber.swift in Sources */,
				489D6ECE283E6CD800692537 /* PhenixMemberStateLocalized.swift in Sources */,
				48EB4A132812AF230088FE77 /* PhenixRoomController.swift in Sources */,
				488629A6283FA1FD00DA293D /* PhenixStreamError.swift in Sources */,
				489D6ECB283E6CD800692537 /* CVPixelBuffer.swift in Sources */,
				489D6ED4283E6CD800692537 /* VideoFrameProvider.swift in Sources */,
				488629A2283FA17600DA293D /* PhenixMediaError.swift in Sources */,
				48EB4A052812AF230088FE77 /* PhenixStreamController.swift in Sources */,
				48EB4A112812AF230088FE77 /* ChannelOptionsFactory.swift in Sources */,
				48EB49F82812AF230088FE77 /* PhenixCoreController.swift in Sources */,
				489D6ED2283E6CD800692537 /* PhenixMemberRoleLocalized.swift in Sources */,
				48EB4A2C2812AF230088FE77 /* PhenixMemberSubscriptionController.swift in Sources */,
				48EB4A3D2812AF230088FE77 /* MemberStreamVideoStateProvider.swift in Sources */,
				48EB4A0E2812AF230088FE77 /* RoomOptionsFactory.swift in Sources */,
				48EB4A2F2812AF230088FE77 /* PhenixMember.swift in Sources */,
				487693C9285B59B30057DA55 /* PhenixDataQualityStatusLocalized.swift in Sources */,
				48EB4A1E2812AF230088FE77 /* PhenixPublishingChannel.swift in Sources */,
				48EB4A0C2812AF230088FE77 /* PhenixMessage.swift in Sources */,
				48EB4A002812AF230088FE77 /* PhenixMediaInterruptionService.swift in Sources */,
				48EB4A102812AF230088FE77 /* PublishOptionsFactory.swift in Sources */,
				48EB4A012812AF230088FE77 /* LocalMediaProvider.swift in Sources */,
				488629A0283FA15600DA293D /* PhenixChannelError.swift in Sources */,
				48EB4A432812AF230088FE77 /* PhenixTimeShiftState.swift in Sources */,
				487693BB285B58DE0057DA55 /* MemberSubscription.swift in Sources */,
				48EB49FC2812AF230088FE77 /* PhenixMediaEvent.swift in Sources */,
				48EB4A092812AF230088FE77 /* PhenixMessageController.swift in Sources */,
				487693BD285B58DE0057DA55 /* MemberSubscriptionServiceDelegate.swift in Sources */,
				48EB4A332812AF230088FE77 /* PhenixMemberState.swift in Sources */,
				48EB49FB2812AF230088FE77 /* PhenixCoreEvent.swift in Sources */,
				489D6EC9283E6CD800692537 /* AspectRatio.swift in Sources */,
				487693CF285B59D00057DA55 /* PhenixStreamEndedReasonLocalized.swift in Sources */,
				48EB4A402812AF230088FE77 /* PhenixMemberMediaController.swift in Sources */,
				48EB49FD2812AF230088FE77 /* PhenixMediaConfiguration.swift in Sources */,
				48EB4A0A2812AF230088FE77 /* PhenixMessageServiceContainer.swift in Sources */,
				48EB4A2D2812AF230088FE77 /* PhenixMemberTransformer.swift in Sources */,
				488629A9283FA21100DA293D /* PhenixTimeShiftError.swift in Sources */,
				48EB49FA2812AF230088FE77 /* PhenixCoreError.swift in Sources */,
				48EB4A122812AF230088FE77 /* PhenixRoomEvent.swift in Sources */,
				48EB4A1D2812AF230088FE77 /* PhenixChannelState.swift in Sources */,
				48EB4A042812AF230088FE77 /* PhenixStreamState.swift in Sources */,
				48EB4A032812AF230088FE77 /* PhenixStreamConfiguration.swift in Sources */,
				48EB4A322812AF230088FE77 /* PhenixMemberConnectionState.swift in Sources */,
				487693C7285B59970057DA55 /* Watchdog.swift in Sources */,
				48EB4A022812AF230088FE77 /* PhenixStream.swift in Sources */,
				48EB4A462812AF230088FE77 /* PhenixTimeShiftPointInTime.swift in Sources */,
				48EB4A2E2812AF230088FE77 /* PhenixMemberController.swift in Sources */,
				48EB4A172812AF230088FE77 /* MemberUpdater.swift in Sources */,
				48EB4A422812AF230088FE77 /* PhenixTimeShifter.swift in Sources */,
				48EB4A152812AF230088FE77 /* PhenixRoomConfiguration.swift in Sources */,
				48EB4A3F2812AF230088FE77 /* MemberStreamAudioVolumeProvider.swift in Sources */,
				48EB4A072812AF230088FE77 /* PhenixMessageEvent.swift in Sources */,
				487693CD285B59CA0057DA55 /* PhenixStreamDescription.swift in Sources */,
				487693CB285B59B90057DA55 /* PhenixMemberPublishers.swift in Sources */,
				489D6ED1283E6CD800692537 /* Bundle.swift in Sources */,
				48EB4A1F2812AF230088FE77 /* PhenixChannelController.swift in Sources */,
				48EB4A312812AF230088FE77 /* PhenixMemberRole.swift in Sources */,
				489D6ED0283E6CD800692537 /* OSLog.swift in Sources */,
				48EB4A162812AF230088FE77 /* MemberSubscriptionInformationProvider.swift in Sources */,
				48EB4A3E2812AF230088FE77 /* MemberStreamAudioStateProvider.swift in Sources */,
				489D6ECD283E6CD800692537 /* PhenixRendererStartStatusLocalized.swift in Sources */,
				B5A0931627621DFF00D13032 /* PhenixCore.swift in Sources */,
				48EB49FF2812AF230088FE77 /* PhenixMediaOptions.swift in Sources */,
				48EB4A202812AF230088FE77 /* PhenixChannel.swift in Sources */,
				48EB4A1B2812AF230088FE77 /* PhenixChannelEvent.swift in Sources */,
				487693BF285B58DE0057DA55 /* MemberSubscriptionService.swift in Sources */,
				487693C1285B597F0057DA55 /* PhenixObservablePublisher.swift in Sources */,
				48EB4A452812AF230088FE77 /* PhenixTimeShiftController.swift in Sources */,
				48EB4A142812AF230088FE77 /* PhenixRoom.swift in Sources */,
				48EB4A0B2812AF230088FE77 /* PhenixMessageControllerError.swift in Sources */,
				489D6ED3283E6CD800692537 /* VideoLayer.swift in Sources */,
				487693B4285B58AC0057DA55 /* PhenixMemberSubscriptionControllerDelegate.swift in Sources */,
				48EB4A302812AF230088FE77 /* PhenixMemberVolume.swift in Sources */,
				48EB4A062812AF230088FE77 /* PhenixStreamEvent.swift in Sources */,
				48EB4A1C2812AF230088FE77 /* PhenixChannelConfiguration.swift in Sources */,
			);
			runOnlyForDeploymentPostprocessing = 0;
		};
/* End PBXSourcesBuildPhase section */

/* Begin XCBuildConfiguration section */
		B5A091E12762018900D13032 /* Debug */ = {
			isa = XCBuildConfiguration;
			buildSettings = {
				ALWAYS_SEARCH_USER_PATHS = NO;
				CLANG_ANALYZER_NONNULL = YES;
				CLANG_ANALYZER_NUMBER_OBJECT_CONVERSION = YES_AGGRESSIVE;
				CLANG_CXX_LANGUAGE_STANDARD = "gnu++17";
				CLANG_CXX_LIBRARY = "libc++";
				CLANG_ENABLE_MODULES = YES;
				CLANG_ENABLE_OBJC_ARC = YES;
				CLANG_ENABLE_OBJC_WEAK = YES;
				CLANG_WARN_BLOCK_CAPTURE_AUTORELEASING = YES;
				CLANG_WARN_BOOL_CONVERSION = YES;
				CLANG_WARN_COMMA = YES;
				CLANG_WARN_CONSTANT_CONVERSION = YES;
				CLANG_WARN_DEPRECATED_OBJC_IMPLEMENTATIONS = YES;
				CLANG_WARN_DIRECT_OBJC_ISA_USAGE = YES_ERROR;
				CLANG_WARN_DOCUMENTATION_COMMENTS = YES;
				CLANG_WARN_EMPTY_BODY = YES;
				CLANG_WARN_ENUM_CONVERSION = YES;
				CLANG_WARN_INFINITE_RECURSION = YES;
				CLANG_WARN_INT_CONVERSION = YES;
				CLANG_WARN_NON_LITERAL_NULL_CONVERSION = YES;
				CLANG_WARN_OBJC_IMPLICIT_RETAIN_SELF = YES;
				CLANG_WARN_OBJC_LITERAL_CONVERSION = YES;
				CLANG_WARN_OBJC_ROOT_CLASS = YES_ERROR;
				CLANG_WARN_QUOTED_INCLUDE_IN_FRAMEWORK_HEADER = YES;
				CLANG_WARN_RANGE_LOOP_ANALYSIS = YES;
				CLANG_WARN_STRICT_PROTOTYPES = YES;
				CLANG_WARN_SUSPICIOUS_MOVE = YES;
				CLANG_WARN_UNGUARDED_AVAILABILITY = YES_AGGRESSIVE;
				CLANG_WARN_UNREACHABLE_CODE = YES;
				CLANG_WARN__DUPLICATE_METHOD_MATCH = YES;
				COPY_PHASE_STRIP = NO;
				CURRENT_PROJECT_VERSION = 1;
				DEBUG_INFORMATION_FORMAT = dwarf;
				ENABLE_STRICT_OBJC_MSGSEND = YES;
				ENABLE_TESTABILITY = YES;
				GCC_C_LANGUAGE_STANDARD = gnu11;
				GCC_DYNAMIC_NO_PIC = NO;
				GCC_NO_COMMON_BLOCKS = YES;
				GCC_OPTIMIZATION_LEVEL = 0;
				GCC_PREPROCESSOR_DEFINITIONS = (
					"DEBUG=1",
					"$(inherited)",
				);
				GCC_WARN_64_TO_32_BIT_CONVERSION = YES;
				GCC_WARN_ABOUT_RETURN_TYPE = YES_ERROR;
				GCC_WARN_UNDECLARED_SELECTOR = YES;
				GCC_WARN_UNINITIALIZED_AUTOS = YES_AGGRESSIVE;
				GCC_WARN_UNUSED_FUNCTION = YES;
				GCC_WARN_UNUSED_VARIABLE = YES;
				IPHONEOS_DEPLOYMENT_TARGET = 15.0;
				MTL_ENABLE_DEBUG_INFO = INCLUDE_SOURCE;
				MTL_FAST_MATH = YES;
				ONLY_ACTIVE_ARCH = YES;
				SDKROOT = iphoneos;
				SWIFT_ACTIVE_COMPILATION_CONDITIONS = DEBUG;
				SWIFT_OPTIMIZATION_LEVEL = "-Onone";
				VERSIONING_SYSTEM = "apple-generic";
				VERSION_INFO_PREFIX = "";
			};
			name = Debug;
		};
		B5A091E22762018900D13032 /* Release */ = {
			isa = XCBuildConfiguration;
			buildSettings = {
				ALWAYS_SEARCH_USER_PATHS = NO;
				CLANG_ANALYZER_NONNULL = YES;
				CLANG_ANALYZER_NUMBER_OBJECT_CONVERSION = YES_AGGRESSIVE;
				CLANG_CXX_LANGUAGE_STANDARD = "gnu++17";
				CLANG_CXX_LIBRARY = "libc++";
				CLANG_ENABLE_MODULES = YES;
				CLANG_ENABLE_OBJC_ARC = YES;
				CLANG_ENABLE_OBJC_WEAK = YES;
				CLANG_WARN_BLOCK_CAPTURE_AUTORELEASING = YES;
				CLANG_WARN_BOOL_CONVERSION = YES;
				CLANG_WARN_COMMA = YES;
				CLANG_WARN_CONSTANT_CONVERSION = YES;
				CLANG_WARN_DEPRECATED_OBJC_IMPLEMENTATIONS = YES;
				CLANG_WARN_DIRECT_OBJC_ISA_USAGE = YES_ERROR;
				CLANG_WARN_DOCUMENTATION_COMMENTS = YES;
				CLANG_WARN_EMPTY_BODY = YES;
				CLANG_WARN_ENUM_CONVERSION = YES;
				CLANG_WARN_INFINITE_RECURSION = YES;
				CLANG_WARN_INT_CONVERSION = YES;
				CLANG_WARN_NON_LITERAL_NULL_CONVERSION = YES;
				CLANG_WARN_OBJC_IMPLICIT_RETAIN_SELF = YES;
				CLANG_WARN_OBJC_LITERAL_CONVERSION = YES;
				CLANG_WARN_OBJC_ROOT_CLASS = YES_ERROR;
				CLANG_WARN_QUOTED_INCLUDE_IN_FRAMEWORK_HEADER = YES;
				CLANG_WARN_RANGE_LOOP_ANALYSIS = YES;
				CLANG_WARN_STRICT_PROTOTYPES = YES;
				CLANG_WARN_SUSPICIOUS_MOVE = YES;
				CLANG_WARN_UNGUARDED_AVAILABILITY = YES_AGGRESSIVE;
				CLANG_WARN_UNREACHABLE_CODE = YES;
				CLANG_WARN__DUPLICATE_METHOD_MATCH = YES;
				COPY_PHASE_STRIP = NO;
				CURRENT_PROJECT_VERSION = 1;
				DEBUG_INFORMATION_FORMAT = "dwarf-with-dsym";
				ENABLE_NS_ASSERTIONS = NO;
				ENABLE_STRICT_OBJC_MSGSEND = YES;
				GCC_C_LANGUAGE_STANDARD = gnu11;
				GCC_NO_COMMON_BLOCKS = YES;
				GCC_WARN_64_TO_32_BIT_CONVERSION = YES;
				GCC_WARN_ABOUT_RETURN_TYPE = YES_ERROR;
				GCC_WARN_UNDECLARED_SELECTOR = YES;
				GCC_WARN_UNINITIALIZED_AUTOS = YES_AGGRESSIVE;
				GCC_WARN_UNUSED_FUNCTION = YES;
				GCC_WARN_UNUSED_VARIABLE = YES;
				IPHONEOS_DEPLOYMENT_TARGET = 15.0;
				MTL_ENABLE_DEBUG_INFO = NO;
				MTL_FAST_MATH = YES;
				SDKROOT = iphoneos;
				SWIFT_COMPILATION_MODE = wholemodule;
				SWIFT_OPTIMIZATION_LEVEL = "-O";
				VALIDATE_PRODUCT = YES;
				VERSIONING_SYSTEM = "apple-generic";
				VERSION_INFO_PREFIX = "";
			};
			name = Release;
		};
		B5A091E42762018900D13032 /* Debug */ = {
			isa = XCBuildConfiguration;
			buildSettings = {
				CLANG_ENABLE_MODULES = YES;
				CODE_SIGN_STYLE = Automatic;
				CURRENT_PROJECT_VERSION = 3;
				DEFINES_MODULE = YES;
				DEVELOPMENT_TEAM = LU4S6LX25U;
				DYLIB_COMPATIBILITY_VERSION = 1;
				DYLIB_CURRENT_VERSION = 1;
				DYLIB_INSTALL_NAME_BASE = "@rpath";
				GENERATE_INFOPLIST_FILE = YES;
				INFOPLIST_KEY_NSHumanReadableCopyright = "";
				INSTALL_PATH = "$(LOCAL_LIBRARY_DIR)/Frameworks";
				IPHONEOS_DEPLOYMENT_TARGET = 13.0;
				LD_RUNPATH_SEARCH_PATHS = (
					"$(inherited)",
					"@executable_path/Frameworks",
					"@loader_path/Frameworks",
				);
				MARKETING_VERSION = 1.0;
				PRODUCT_BUNDLE_IDENTIFIER = com.phenixrts.suite.PhenixCore;
				PRODUCT_NAME = "$(TARGET_NAME:c99extidentifier)";
				SKIP_INSTALL = YES;
				SWIFT_EMIT_LOC_STRINGS = YES;
				SWIFT_OPTIMIZATION_LEVEL = "-Onone";
				SWIFT_VERSION = 5.0;
				TARGETED_DEVICE_FAMILY = "1,2";
			};
			name = Debug;
		};
		B5A091E52762018900D13032 /* Release */ = {
			isa = XCBuildConfiguration;
			buildSettings = {
				CLANG_ENABLE_MODULES = YES;
				CODE_SIGN_STYLE = Automatic;
				CURRENT_PROJECT_VERSION = 3;
				DEFINES_MODULE = YES;
				DEVELOPMENT_TEAM = LU4S6LX25U;
				DYLIB_COMPATIBILITY_VERSION = 1;
				DYLIB_CURRENT_VERSION = 1;
				DYLIB_INSTALL_NAME_BASE = "@rpath";
				GENERATE_INFOPLIST_FILE = YES;
				INFOPLIST_KEY_NSHumanReadableCopyright = "";
				INSTALL_PATH = "$(LOCAL_LIBRARY_DIR)/Frameworks";
				IPHONEOS_DEPLOYMENT_TARGET = 13.0;
				LD_RUNPATH_SEARCH_PATHS = (
					"$(inherited)",
					"@executable_path/Frameworks",
					"@loader_path/Frameworks",
				);
				MARKETING_VERSION = 1.0;
				PRODUCT_BUNDLE_IDENTIFIER = com.phenixrts.suite.PhenixCore;
				PRODUCT_NAME = "$(TARGET_NAME:c99extidentifier)";
				SKIP_INSTALL = YES;
				SWIFT_EMIT_LOC_STRINGS = YES;
				SWIFT_VERSION = 5.0;
				TARGETED_DEVICE_FAMILY = "1,2";
			};
			name = Release;
		};
/* End XCBuildConfiguration section */

/* Begin XCConfigurationList section */
		B5A091D62762018900D13032 /* Build configuration list for PBXProject "PhenixCore" */ = {
			isa = XCConfigurationList;
			buildConfigurations = (
				B5A091E12762018900D13032 /* Debug */,
				B5A091E22762018900D13032 /* Release */,
			);
			defaultConfigurationIsVisible = 0;
			defaultConfigurationName = Release;
		};
		B5A091E32762018900D13032 /* Build configuration list for PBXNativeTarget "PhenixCore" */ = {
			isa = XCConfigurationList;
			buildConfigurations = (
				B5A091E42762018900D13032 /* Debug */,
				B5A091E52762018900D13032 /* Release */,
			);
			defaultConfigurationIsVisible = 0;
			defaultConfigurationName = Release;
		};
/* End XCConfigurationList section */
	};
	rootObject = B5A091D32762018900D13032 /* Project object */;
}
