PODS:
  - PhenixClosedCaptions (0.1.0):
    - PhenixSdk (= 2021.0.0-beta)
  - PhenixDebug (0.1.0):
    - PhenixSdk (= 2021.0.0-beta)
  - PhenixDeeplink (0.1.0)
  - PhenixSdk (2021.0.0-beta)

DEPENDENCIES:
  - PhenixClosedCaptions (from `../PhenixClosedCaptions`)
  - PhenixDebug (from `../PhenixDebug`)
  - PhenixDeeplink (from `../PhenixDeeplink`)
  - PhenixSdk (= 2021.0.0-beta)

SPEC REPOS:
  "git@github.com:PhenixRTS/CocoaPodsSpecs.git":
    - PhenixSdk

EXTERNAL SOURCES:
  PhenixClosedCaptions:
    :path: "../PhenixClosedCaptions"
  PhenixDebug:
    :path: "../PhenixDebug"
  PhenixDeeplink:
    :path: "../PhenixDeeplink"

SPEC CHECKSUMS:
  PhenixClosedCaptions: 6dd120c849f091c7e42a9d00b71405f5a2f75012
  PhenixDebug: 6a58dabc89d321fe049c1dc20080e251ab44c840
  PhenixDeeplink: c3ab2ea4af3488af7daec78d2090b11bcac1a265
  PhenixSdk: 04a2b6a6bf3316ad9a3cca816809385bb56c80a8

PODFILE CHECKSUM: c3b190bfef3bd31635f7007a79de0122ab706437

COCOAPODS: 1.10.1
