PODS:
  - PhenixClosedCaptions (0.1.0):
    - PhenixSdk (~> 2021.0.0-beta)
  - PhenixDebug (0.1.0):
    - PhenixSdk (~> 2021.0.0-beta)
  - PhenixDeeplink (0.1.0)
  - PhenixSdk (2021.0.1-beta)

DEPENDENCIES:
  - PhenixClosedCaptions (from `../PhenixClosedCaptions`)
  - PhenixDebug (from `../PhenixDebug`)
  - PhenixDeeplink (from `../PhenixDeeplink`)
  - PhenixSdk (= 2021.0.1-beta)

SPEC REPOS:
  "git@github.com:PhenixRTS/CocoaPodsSpecs.git":
    - PhenixSdk

EXTERNAL SOURCES:
  PhenixClosedCaptions:
    :path: "../PhenixClosedCaptions"
  PhenixDebug:
    :path: "../PhenixDebug"
  PhenixDeeplink:
    :path: "../PhenixDeeplink"

SPEC CHECKSUMS:
  PhenixClosedCaptions: 71568337f8f716213406a75461aa364637047ce7
  PhenixDebug: 2c90af152f6f4dda1e4a71a431a789b9965c7d18
  PhenixDeeplink: afff8774bd397ba31b0244c84fc722efbe4e0ccc
  PhenixSdk: d52f35d5ff551e4a86b64ddc6d59495d605c1796

PODFILE CHECKSUM: 2d02d38653a83ce8183ec13218d822d5b8e1c2fc

COCOAPODS: 1.10.1
