// !$*UTF8*$!
{
	archiveVersion = 1;
	classes = {
	};
	objectVersion = 51;
	objects = {

/* Begin PBXBuildFile section */
		9F5D87FBDA95EF9F29845FFF /* Pods_PhenixClosedCaptionsTests.framework in Frameworks */ = {isa = PBXBuildFile; fileRef = 140B9C817C859FA423D08780 /* Pods_PhenixClosedCaptionsTests.framework */; };
		B51D87722521DBCD005CE7B7 /* PhenixClosedCaptionsViewTests.swift in Sources */ = {isa = PBXBuildFile; fileRef = B51D87712521DBCD005CE7B7 /* PhenixClosedCaptionsViewTests.swift */; };
		B5BE03682535CE890009CD73 /* PhenixWindowViewTests.swift in Sources */ = {isa = PBXBuildFile; fileRef = B5BE03672535CE890009CD73 /* PhenixWindowViewTests.swift */; };
		B5DBCA732521DE4A000AAE9E /* PhenixTextViewTests.swift in Sources */ = {isa = PBXBuildFile; fileRef = B5DBCA722521DE4A000AAE9E /* PhenixTextViewTests.swift */; };
		B5DBCA8425220051000AAE9E /* PhenixClosedCaptionsViewIntegrationTests.swift in Sources */ = {isa = PBXBuildFile; fileRef = B5DBCA8325220051000AAE9E /* PhenixClosedCaptionsViewIntegrationTests.swift */; };
/* End PBXBuildFile section */

/* Begin PBXFileReference section */
		140B9C817C859FA423D08780 /* Pods_PhenixClosedCaptionsTests.framework */ = {isa = PBXFileReference; explicitFileType = wrapper.framework; includeInIndex = 0; path = Pods_PhenixClosedCaptionsTests.framework; sourceTree = BUILT_PRODUCTS_DIR; };
		92208E90EE65058C82FFD996 /* Pods-PhenixClosedCaptionsTests.debug.xcconfig */ = {isa = PBXFileReference; includeInIndex = 1; lastKnownFileType = text.xcconfig; name = "Pods-PhenixClosedCaptionsTests.debug.xcconfig"; path = "Target Support Files/Pods-PhenixClosedCaptionsTests/Pods-PhenixClosedCaptionsTests.debug.xcconfig"; sourceTree = "<group>"; };
		B51D874C2521DA93005CE7B7 /* PhenixClosedCaptionsTests.xctest */ = {isa = PBXFileReference; explicitFileType = wrapper.cfbundle; includeInIndex = 0; path = PhenixClosedCaptionsTests.xctest; sourceTree = BUILT_PRODUCTS_DIR; };
		B51D87532521DA93005CE7B7 /* Info.plist */ = {isa = PBXFileReference; lastKnownFileType = text.plist.xml; path = Info.plist; sourceTree = "<group>"; };
		B51D87712521DBCD005CE7B7 /* PhenixClosedCaptionsViewTests.swift */ = {isa = PBXFileReference; lastKnownFileType = sourcecode.swift; path = PhenixClosedCaptionsViewTests.swift; sourceTree = "<group>"; };
		B5BE03672535CE890009CD73 /* PhenixWindowViewTests.swift */ = {isa = PBXFileReference; lastKnownFileType = sourcecode.swift; path = PhenixWindowViewTests.swift; sourceTree = "<group>"; };
		B5DBCA722521DE4A000AAE9E /* PhenixTextViewTests.swift */ = {isa = PBXFileReference; lastKnownFileType = sourcecode.swift; path = PhenixTextViewTests.swift; sourceTree = "<group>"; };
		B5DBCA8325220051000AAE9E /* PhenixClosedCaptionsViewIntegrationTests.swift */ = {isa = PBXFileReference; lastKnownFileType = sourcecode.swift; path = PhenixClosedCaptionsViewIntegrationTests.swift; sourceTree = "<group>"; };
		B5FDA820253ECBAE00177E72 /* GLOSSARY.md */ = {isa = PBXFileReference; lastKnownFileType = net.daringfireball.markdown; path = GLOSSARY.md; sourceTree = "<group>"; };
		D45A860FDCAE90A3C564DAA3 /* Pods-PhenixClosedCaptionsTests.release.xcconfig */ = {isa = PBXFileReference; includeInIndex = 1; lastKnownFileType = text.xcconfig; name = "Pods-PhenixClosedCaptionsTests.release.xcconfig"; path = "Target Support Files/Pods-PhenixClosedCaptionsTests/Pods-PhenixClosedCaptionsTests.release.xcconfig"; sourceTree = "<group>"; };
/* End PBXFileReference section */

/* Begin PBXFrameworksBuildPhase section */
		B51D87492521DA93005CE7B7 /* Frameworks */ = {
			isa = PBXFrameworksBuildPhase;
			buildActionMask = 2147483647;
			files = (
				9F5D87FBDA95EF9F29845FFF /* Pods_PhenixClosedCaptionsTests.framework in Frameworks */,
			);
			runOnlyForDeploymentPostprocessing = 0;
		};
/* End PBXFrameworksBuildPhase section */

/* Begin PBXGroup section */
		3E3E955425D0AA7B7AA1247E /* Frameworks */ = {
			isa = PBXGroup;
			children = (
				140B9C817C859FA423D08780 /* Pods_PhenixClosedCaptionsTests.framework */,
			);
			name = Frameworks;
			sourceTree = "<group>";
		};
		42B4FCDFEB303643E82F2840 /* Pods */ = {
			isa = PBXGroup;
			children = (
				92208E90EE65058C82FFD996 /* Pods-PhenixClosedCaptionsTests.debug.xcconfig */,
				D45A860FDCAE90A3C564DAA3 /* Pods-PhenixClosedCaptionsTests.release.xcconfig */,
			);
			path = Pods;
			sourceTree = "<group>";
		};
		B51D87392521DA93005CE7B7 = {
			isa = PBXGroup;
			children = (
				B51D87502521DA93005CE7B7 /* Tests */,
				B51D87442521DA93005CE7B7 /* Products */,
				42B4FCDFEB303643E82F2840 /* Pods */,
				3E3E955425D0AA7B7AA1247E /* Frameworks */,
			);
			sourceTree = "<group>";
		};
		B51D87442521DA93005CE7B7 /* Products */ = {
			isa = PBXGroup;
			children = (
				B51D874C2521DA93005CE7B7 /* PhenixClosedCaptionsTests.xctest */,
			);
			name = Products;
			sourceTree = "<group>";
		};
		B51D87502521DA93005CE7B7 /* Tests */ = {
			isa = PBXGroup;
			children = (
				B5FDA820253ECBAE00177E72 /* GLOSSARY.md */,
				B51D87532521DA93005CE7B7 /* Info.plist */,
				B5DBCA8325220051000AAE9E /* PhenixClosedCaptionsViewIntegrationTests.swift */,
				B51D87712521DBCD005CE7B7 /* PhenixClosedCaptionsViewTests.swift */,
				B5DBCA722521DE4A000AAE9E /* PhenixTextViewTests.swift */,
				B5BE03672535CE890009CD73 /* PhenixWindowViewTests.swift */,
			);
			path = Tests;
			sourceTree = "<group>";
		};
/* End PBXGroup section */

/* Begin PBXNativeTarget section */
		B51D874B2521DA93005CE7B7 /* PhenixClosedCaptionsTests */ = {
			isa = PBXNativeTarget;
			buildConfigurationList = B51D875A2521DA93005CE7B7 /* Build configuration list for PBXNativeTarget "PhenixClosedCaptionsTests" */;
			buildPhases = (
				2ED0E9BBB2E6095BE8F81AA5 /* [CP] Check Pods Manifest.lock */,
				B51D87482521DA93005CE7B7 /* Sources */,
				B51D87492521DA93005CE7B7 /* Frameworks */,
				B51D874A2521DA93005CE7B7 /* Resources */,
				75B49592032C16B6A17E3920 /* [CP] Embed Pods Frameworks */,
			);
			buildRules = (
			);
			dependencies = (
			);
			name = PhenixClosedCaptionsTests;
			productName = PhenixClosedCaptionsTests;
			productReference = B51D874C2521DA93005CE7B7 /* PhenixClosedCaptionsTests.xctest */;
			productType = "com.apple.product-type.bundle.unit-test";
		};
/* End PBXNativeTarget section */

/* Begin PBXProject section */
		B51D873A2521DA93005CE7B7 /* Project object */ = {
			isa = PBXProject;
			attributes = {
				LastSwiftUpdateCheck = 1200;
				LastUpgradeCheck = 1200;
				ORGANIZATIONNAME = "Phenix Real Time Solutions, Inc";
				TargetAttributes = {
					B51D874B2521DA93005CE7B7 = {
						CreatedOnToolsVersion = 12.0;
					};
				};
			};
			buildConfigurationList = B51D873D2521DA93005CE7B7 /* Build configuration list for PBXProject "PhenixClosedCaptions" */;
			compatibilityVersion = "Xcode 9.3";
			developmentRegion = en;
			hasScannedForEncodings = 0;
			knownRegions = (
				en,
				Base,
			);
			mainGroup = B51D87392521DA93005CE7B7;
			productRefGroup = B51D87442521DA93005CE7B7 /* Products */;
			projectDirPath = "";
			projectRoot = "";
			targets = (
				B51D874B2521DA93005CE7B7 /* PhenixClosedCaptionsTests */,
			);
		};
/* End PBXProject section */

/* Begin PBXResourcesBuildPhase section */
		B51D874A2521DA93005CE7B7 /* Resources */ = {
			isa = PBXResourcesBuildPhase;
			buildActionMask = 2147483647;
			files = (
			);
			runOnlyForDeploymentPostprocessing = 0;
		};
/* End PBXResourcesBuildPhase section */

/* Begin PBXShellScriptBuildPhase section */
		2ED0E9BBB2E6095BE8F81AA5 /* [CP] Check Pods Manifest.lock */ = {
			isa = PBXShellScriptBuildPhase;
			buildActionMask = 2147483647;
			files = (
			);
			inputFileListPaths = (
			);
			inputPaths = (
				"${PODS_PODFILE_DIR_PATH}/Podfile.lock",
				"${PODS_ROOT}/Manifest.lock",
			);
			name = "[CP] Check Pods Manifest.lock";
			outputFileListPaths = (
			);
			outputPaths = (
				"$(DERIVED_FILE_DIR)/Pods-PhenixClosedCaptionsTests-checkManifestLockResult.txt",
			);
			runOnlyForDeploymentPostprocessing = 0;
			shellPath = /bin/sh;
			shellScript = "diff \"${PODS_PODFILE_DIR_PATH}/Podfile.lock\" \"${PODS_ROOT}/Manifest.lock\" > /dev/null\nif [ $? != 0 ] ; then\n    # print error to STDERR\n    echo \"error: The sandbox is not in sync with the Podfile.lock. Run 'pod install' or update your CocoaPods installation.\" >&2\n    exit 1\nfi\n# This output is used by Xcode 'outputs' to avoid re-running this script phase.\necho \"SUCCESS\" > \"${SCRIPT_OUTPUT_FILE_0}\"\n";
			showEnvVarsInLog = 0;
		};
		75B49592032C16B6A17E3920 /* [CP] Embed Pods Frameworks */ = {
			isa = PBXShellScriptBuildPhase;
			buildActionMask = 2147483647;
			files = (
			);
			inputFileListPaths = (
				"${PODS_ROOT}/Target Support Files/Pods-PhenixClosedCaptionsTests/Pods-PhenixClosedCaptionsTests-frameworks-${CONFIGURATION}-input-files.xcfilelist",
			);
			name = "[CP] Embed Pods Frameworks";
			outputFileListPaths = (
				"${PODS_ROOT}/Target Support Files/Pods-PhenixClosedCaptionsTests/Pods-PhenixClosedCaptionsTests-frameworks-${CONFIGURATION}-output-files.xcfilelist",
			);
			runOnlyForDeploymentPostprocessing = 0;
			shellPath = /bin/sh;
			shellScript = "\"${PODS_ROOT}/Target Support Files/Pods-PhenixClosedCaptionsTests/Pods-PhenixClosedCaptionsTests-frameworks.sh\"\n";
			showEnvVarsInLog = 0;
		};
/* End PBXShellScriptBuildPhase section */

/* Begin PBXSourcesBuildPhase section */
		B51D87482521DA93005CE7B7 /* Sources */ = {
			isa = PBXSourcesBuildPhase;
			buildActionMask = 2147483647;
			files = (
				B51D87722521DBCD005CE7B7 /* PhenixClosedCaptionsViewTests.swift in Sources */,
				B5BE03682535CE890009CD73 /* PhenixWindowViewTests.swift in Sources */,
				B5DBCA732521DE4A000AAE9E /* PhenixTextViewTests.swift in Sources */,
				B5DBCA8425220051000AAE9E /* PhenixClosedCaptionsViewIntegrationTests.swift in Sources */,
			);
			runOnlyForDeploymentPostprocessing = 0;
		};
/* End PBXSourcesBuildPhase section */

/* Begin XCBuildConfiguration section */
		B51D87552521DA93005CE7B7 /* Debug */ = {
			isa = XCBuildConfiguration;
			buildSettings = {
				ALWAYS_SEARCH_USER_PATHS = NO;
				CLANG_ANALYZER_NONNULL = YES;
				CLANG_ANALYZER_NUMBER_OBJECT_CONVERSION = YES_AGGRESSIVE;
				CLANG_CXX_LANGUAGE_STANDARD = "gnu++14";
				CLANG_CXX_LIBRARY = "libc++";
				CLANG_ENABLE_MODULES = YES;
				CLANG_ENABLE_OBJC_ARC = YES;
				CLANG_ENABLE_OBJC_WEAK = YES;
				CLANG_WARN_BLOCK_CAPTURE_AUTORELEASING = YES;
				CLANG_WARN_BOOL_CONVERSION = YES;
				CLANG_WARN_COMMA = YES;
				CLANG_WARN_CONSTANT_CONVERSION = YES;
				CLANG_WARN_DEPRECATED_OBJC_IMPLEMENTATIONS = YES;
				CLANG_WARN_DIRECT_OBJC_ISA_USAGE = YES_ERROR;
				CLANG_WARN_DOCUMENTATION_COMMENTS = YES;
				CLANG_WARN_EMPTY_BODY = YES;
				CLANG_WARN_ENUM_CONVERSION = YES;
				CLANG_WARN_INFINITE_RECURSION = YES;
				CLANG_WARN_INT_CONVERSION = YES;
				CLANG_WARN_NON_LITERAL_NULL_CONVERSION = YES;
				CLANG_WARN_OBJC_IMPLICIT_RETAIN_SELF = YES;
				CLANG_WARN_OBJC_LITERAL_CONVERSION = YES;
				CLANG_WARN_OBJC_ROOT_CLASS = YES_ERROR;
				CLANG_WARN_QUOTED_INCLUDE_IN_FRAMEWORK_HEADER = YES;
				CLANG_WARN_RANGE_LOOP_ANALYSIS = YES;
				CLANG_WARN_STRICT_PROTOTYPES = YES;
				CLANG_WARN_SUSPICIOUS_MOVE = YES;
				CLANG_WARN_UNGUARDED_AVAILABILITY = YES_AGGRESSIVE;
				CLANG_WARN_UNREACHABLE_CODE = YES;
				CLANG_WARN__DUPLICATE_METHOD_MATCH = YES;
				COPY_PHASE_STRIP = NO;
				CURRENT_PROJECT_VERSION = 1;
				DEBUG_INFORMATION_FORMAT = dwarf;
				ENABLE_STRICT_OBJC_MSGSEND = YES;
				ENABLE_TESTABILITY = YES;
				GCC_C_LANGUAGE_STANDARD = gnu11;
				GCC_DYNAMIC_NO_PIC = NO;
				GCC_NO_COMMON_BLOCKS = YES;
				GCC_OPTIMIZATION_LEVEL = 0;
				GCC_PREPROCESSOR_DEFINITIONS = (
					"DEBUG=1",
					"$(inherited)",
				);
				GCC_WARN_64_TO_32_BIT_CONVERSION = YES;
				GCC_WARN_ABOUT_RETURN_TYPE = YES_ERROR;
				GCC_WARN_UNDECLARED_SELECTOR = YES;
				GCC_WARN_UNINITIALIZED_AUTOS = YES_AGGRESSIVE;
				GCC_WARN_UNUSED_FUNCTION = YES;
				GCC_WARN_UNUSED_VARIABLE = YES;
				IPHONEOS_DEPLOYMENT_TARGET = 14.0;
				MTL_ENABLE_DEBUG_INFO = INCLUDE_SOURCE;
				MTL_FAST_MATH = YES;
				ONLY_ACTIVE_ARCH = YES;
				SDKROOT = iphoneos;
				SWIFT_ACTIVE_COMPILATION_CONDITIONS = DEBUG;
				SWIFT_OPTIMIZATION_LEVEL = "-Onone";
				VERSIONING_SYSTEM = "apple-generic";
				VERSION_INFO_PREFIX = "";
			};
			name = Debug;
		};
		B51D87562521DA93005CE7B7 /* Release */ = {
			isa = XCBuildConfiguration;
			buildSettings = {
				ALWAYS_SEARCH_USER_PATHS = NO;
				CLANG_ANALYZER_NONNULL = YES;
				CLANG_ANALYZER_NUMBER_OBJECT_CONVERSION = YES_AGGRESSIVE;
				CLANG_CXX_LANGUAGE_STANDARD = "gnu++14";
				CLANG_CXX_LIBRARY = "libc++";
				CLANG_ENABLE_MODULES = YES;
				CLANG_ENABLE_OBJC_ARC = YES;
				CLANG_ENABLE_OBJC_WEAK = YES;
				CLANG_WARN_BLOCK_CAPTURE_AUTORELEASING = YES;
				CLANG_WARN_BOOL_CONVERSION = YES;
				CLANG_WARN_COMMA = YES;
				CLANG_WARN_CONSTANT_CONVERSION = YES;
				CLANG_WARN_DEPRECATED_OBJC_IMPLEMENTATIONS = YES;
				CLANG_WARN_DIRECT_OBJC_ISA_USAGE = YES_ERROR;
				CLANG_WARN_DOCUMENTATION_COMMENTS = YES;
				CLANG_WARN_EMPTY_BODY = YES;
				CLANG_WARN_ENUM_CONVERSION = YES;
				CLANG_WARN_INFINITE_RECURSION = YES;
				CLANG_WARN_INT_CONVERSION = YES;
				CLANG_WARN_NON_LITERAL_NULL_CONVERSION = YES;
				CLANG_WARN_OBJC_IMPLICIT_RETAIN_SELF = YES;
				CLANG_WARN_OBJC_LITERAL_CONVERSION = YES;
				CLANG_WARN_OBJC_ROOT_CLASS = YES_ERROR;
				CLANG_WARN_QUOTED_INCLUDE_IN_FRAMEWORK_HEADER = YES;
				CLANG_WARN_RANGE_LOOP_ANALYSIS = YES;
				CLANG_WARN_STRICT_PROTOTYPES = YES;
				CLANG_WARN_SUSPICIOUS_MOVE = YES;
				CLANG_WARN_UNGUARDED_AVAILABILITY = YES_AGGRESSIVE;
				CLANG_WARN_UNREACHABLE_CODE = YES;
				CLANG_WARN__DUPLICATE_METHOD_MATCH = YES;
				COPY_PHASE_STRIP = NO;
				CURRENT_PROJECT_VERSION = 1;
				DEBUG_INFORMATION_FORMAT = "dwarf-with-dsym";
				ENABLE_NS_ASSERTIONS = NO;
				ENABLE_STRICT_OBJC_MSGSEND = YES;
				GCC_C_LANGUAGE_STANDARD = gnu11;
				GCC_NO_COMMON_BLOCKS = YES;
				GCC_WARN_64_TO_32_BIT_CONVERSION = YES;
				GCC_WARN_ABOUT_RETURN_TYPE = YES_ERROR;
				GCC_WARN_UNDECLARED_SELECTOR = YES;
				GCC_WARN_UNINITIALIZED_AUTOS = YES_AGGRESSIVE;
				GCC_WARN_UNUSED_FUNCTION = YES;
				GCC_WARN_UNUSED_VARIABLE = YES;
				IPHONEOS_DEPLOYMENT_TARGET = 14.0;
				MTL_ENABLE_DEBUG_INFO = NO;
				MTL_FAST_MATH = YES;
				SDKROOT = iphoneos;
				SWIFT_COMPILATION_MODE = wholemodule;
				SWIFT_OPTIMIZATION_LEVEL = "-O";
				VALIDATE_PRODUCT = YES;
				VERSIONING_SYSTEM = "apple-generic";
				VERSION_INFO_PREFIX = "";
			};
			name = Release;
		};
		B51D875B2521DA93005CE7B7 /* Debug */ = {
			isa = XCBuildConfiguration;
			baseConfigurationReference = 92208E90EE65058C82FFD996 /* Pods-PhenixClosedCaptionsTests.debug.xcconfig */;
			buildSettings = {
				CODE_SIGN_STYLE = Automatic;
				DEVELOPMENT_TEAM = LU4S6LX25U;
				INFOPLIST_FILE = Tests/Info.plist;
				LD_RUNPATH_SEARCH_PATHS = (
					"$(inherited)",
					"@executable_path/Frameworks",
					"@loader_path/Frameworks",
				);
				PRODUCT_BUNDLE_IDENTIFIER = "com.phenixrts.suite.closed-captions-tests";
				PRODUCT_NAME = "$(TARGET_NAME)";
				SWIFT_VERSION = 5.0;
				TARGETED_DEVICE_FAMILY = "1,2";
			};
			name = Debug;
		};
		B51D875C2521DA93005CE7B7 /* Release */ = {
			isa = XCBuildConfiguration;
			baseConfigurationReference = D45A860FDCAE90A3C564DAA3 /* Pods-PhenixClosedCaptionsTests.release.xcconfig */;
			buildSettings = {
				CODE_SIGN_STYLE = Automatic;
				DEVELOPMENT_TEAM = LU4S6LX25U;
				INFOPLIST_FILE = Tests/Info.plist;
				LD_RUNPATH_SEARCH_PATHS = (
					"$(inherited)",
					"@executable_path/Frameworks",
					"@loader_path/Frameworks",
				);
				PRODUCT_BUNDLE_IDENTIFIER = "com.phenixrts.suite.closed-captions-tests";
				PRODUCT_NAME = "$(TARGET_NAME)";
				SWIFT_VERSION = 5.0;
				TARGETED_DEVICE_FAMILY = "1,2";
			};
			name = Release;
		};
/* End XCBuildConfiguration section */

/* Begin XCConfigurationList section */
		B51D873D2521DA93005CE7B7 /* Build configuration list for PBXProject "PhenixClosedCaptions" */ = {
			isa = XCConfigurationList;
			buildConfigurations = (
				B51D87552521DA93005CE7B7 /* Debug */,
				B51D87562521DA93005CE7B7 /* Release */,
			);
			defaultConfigurationIsVisible = 0;
			defaultConfigurationName = Release;
		};
		B51D875A2521DA93005CE7B7 /* Build configuration list for PBXNativeTarget "PhenixClosedCaptionsTests" */ = {
			isa = XCConfigurationList;
			buildConfigurations = (
				B51D875B2521DA93005CE7B7 /* Debug */,
				B51D875C2521DA93005CE7B7 /* Release */,
			);
			defaultConfigurationIsVisible = 0;
			defaultConfigurationName = Release;
		};
/* End XCConfigurationList section */
	};
	rootObject = B51D873A2521DA93005CE7B7 /* Project object */;
}
